// !$*UTF8*$!
{
	archiveVersion = 1;
	classes = {
	};
	objectVersion = 55;
	objects = {

/* Begin PBXBuildFile section */
		FA0A16B827B5A22D008BFA73 /* ImageCommentsMapper.swift in Sources */ = {isa = PBXBuildFile; fileRef = FA0A16B727B5A22D008BFA73 /* ImageCommentsMapper.swift */; };
		FA0A16BF27B5A6F4008BFA73 /* ImageComment.swift in Sources */ = {isa = PBXBuildFile; fileRef = FA0A16BE27B5A6F4008BFA73 /* ImageComment.swift */; };
		FA0A16CD27B5B8B5008BFA73 /* FeedItemsMapperTests.swift in Sources */ = {isa = PBXBuildFile; fileRef = FA0A16CC27B5B8B5008BFA73 /* FeedItemsMapperTests.swift */; };
		FA0A16D027B5BC04008BFA73 /* ImageCommentsMapperTests.swift in Sources */ = {isa = PBXBuildFile; fileRef = FA0A16CF27B5BC04008BFA73 /* ImageCommentsMapperTests.swift */; };
		FA1DE3142797176A007FDDE4 /* FeedImageDataLoader.swift in Sources */ = {isa = PBXBuildFile; fileRef = FACB9235278A38AC0022A0EE /* FeedImageDataLoader.swift */; };
		FA1DE3162798195C007FDDE4 /* LoadFeedImageDataFromRemoteUseCaseTests.swift in Sources */ = {isa = PBXBuildFile; fileRef = FA1DE3152798195C007FDDE4 /* LoadFeedImageDataFromRemoteUseCaseTests.swift */; };
		FA1DE319279853D6007FDDE4 /* HTTPClientSpy.swift in Sources */ = {isa = PBXBuildFile; fileRef = FA1DE318279853D6007FDDE4 /* HTTPClientSpy.swift */; };
		FA1DE31B279855B7007FDDE4 /* RemoteFeedImageDataLoader.swift in Sources */ = {isa = PBXBuildFile; fileRef = FA1DE31A279855B7007FDDE4 /* RemoteFeedImageDataLoader.swift */; };
		FA1DE31E27985CD7007FDDE4 /* HTTPURLResponse+StatusCode.swift in Sources */ = {isa = PBXBuildFile; fileRef = FA1DE31D27985CD7007FDDE4 /* HTTPURLResponse+StatusCode.swift */; };
		FA1DE32027985D8E007FDDE4 /* URLProtocolStub.swift in Sources */ = {isa = PBXBuildFile; fileRef = FA1DE31F27985D8E007FDDE4 /* URLProtocolStub.swift */; };
		FA1DE322279872A6007FDDE4 /* LocalFeedImageDataLoaderTests.swift in Sources */ = {isa = PBXBuildFile; fileRef = FA1DE321279872A6007FDDE4 /* LocalFeedImageDataLoaderTests.swift */; };
		FA4E28732788B5C300AC242A /* EssentialFeed.framework in Frameworks */ = {isa = PBXBuildFile; fileRef = FA992D4F276A7AF0000C13AA /* EssentialFeed.framework */; platformFilter = ios; };
		FA4E28742788B5C300AC242A /* EssentialFeed.framework in Embed Frameworks */ = {isa = PBXBuildFile; fileRef = FA992D4F276A7AF0000C13AA /* EssentialFeed.framework */; platformFilter = ios; settings = {ATTRIBUTES = (CodeSignOnCopy, RemoveHeadersOnCopy, ); }; };
		FA4E28782788B72800AC242A /* XCTestCase+MemoryLeakTracking.swift in Sources */ = {isa = PBXBuildFile; fileRef = FA966E862773A730006F5E39 /* XCTestCase+MemoryLeakTracking.swift */; };
		FA53A1752790A31A004C8992 /* FeedImagePresenterTests.swift in Sources */ = {isa = PBXBuildFile; fileRef = FA53A1742790A31A004C8992 /* FeedImagePresenterTests.swift */; };
		FA53A1772790ED00004C8992 /* FeedImagePresenter.swift in Sources */ = {isa = PBXBuildFile; fileRef = FA53A1762790ED00004C8992 /* FeedImagePresenter.swift */; };
		FA53A1792790EDB0004C8992 /* FeedImageViewModel.swift in Sources */ = {isa = PBXBuildFile; fileRef = FA53A1782790EDB0004C8992 /* FeedImageViewModel.swift */; };
		FA64A77A279E0DB0007A8E93 /* FeedCache.swift in Sources */ = {isa = PBXBuildFile; fileRef = FA64A779279E0DB0007A8E93 /* FeedCache.swift */; };
		FA64A784279E1321007A8E93 /* FeedImageDataCache.swift in Sources */ = {isa = PBXBuildFile; fileRef = FA64A783279E1321007A8E93 /* FeedImageDataCache.swift */; };
		FA966E842773833C006F5E39 /* URLSessionHTTPClientTests.swift in Sources */ = {isa = PBXBuildFile; fileRef = FA966E832773833C006F5E39 /* URLSessionHTTPClientTests.swift */; };
		FA966E872773A730006F5E39 /* XCTestCase+MemoryLeakTracking.swift in Sources */ = {isa = PBXBuildFile; fileRef = FA966E862773A730006F5E39 /* XCTestCase+MemoryLeakTracking.swift */; };
		FA966E892773BC11006F5E39 /* URLSessionHTTPClient.swift in Sources */ = {isa = PBXBuildFile; fileRef = FA966E882773BC11006F5E39 /* URLSessionHTTPClient.swift */; };
		FA966E9127763C63006F5E39 /* EssentialFeedAPIEndToEndTests.swift in Sources */ = {isa = PBXBuildFile; fileRef = FA966E9027763C63006F5E39 /* EssentialFeedAPIEndToEndTests.swift */; };
		FA966E9227763C63006F5E39 /* EssentialFeed.framework in Frameworks */ = {isa = PBXBuildFile; fileRef = FA992D4F276A7AF0000C13AA /* EssentialFeed.framework */; };
		FA966E9827770649006F5E39 /* XCTestCase+MemoryLeakTracking.swift in Sources */ = {isa = PBXBuildFile; fileRef = FA966E862773A730006F5E39 /* XCTestCase+MemoryLeakTracking.swift */; };
		FA992D58276A7AF1000C13AA /* EssentialFeed.framework in Frameworks */ = {isa = PBXBuildFile; fileRef = FA992D4F276A7AF0000C13AA /* EssentialFeed.framework */; };
		FA992D68276A7B25000C13AA /* FeedImage.swift in Sources */ = {isa = PBXBuildFile; fileRef = FA992D67276A7B25000C13AA /* FeedImage.swift */; };
		FA992D6A276A7C22000C13AA /* FeedLoader.swift in Sources */ = {isa = PBXBuildFile; fileRef = FA992D69276A7C22000C13AA /* FeedLoader.swift */; };
		FA992D72276B2804000C13AA /* HTTPClient.swift in Sources */ = {isa = PBXBuildFile; fileRef = FA992D71276B2804000C13AA /* HTTPClient.swift */; };
		FA992D76276D131B000C13AA /* FeedItemsMapper.swift in Sources */ = {isa = PBXBuildFile; fileRef = FA992D75276D131B000C13AA /* FeedItemsMapper.swift */; };
		FAA17B9A27ADBA2900CE2F52 /* XCTestCase+Snapshot.swift in Sources */ = {isa = PBXBuildFile; fileRef = FAA17B9927ADBA2900CE2F52 /* XCTestCase+Snapshot.swift */; };
		FAA1ECF527997A760018FBFA /* FeedImageDataStore.swift in Sources */ = {isa = PBXBuildFile; fileRef = FAA1ECF427997A760018FBFA /* FeedImageDataStore.swift */; };
		FAA1ECF727997AD00018FBFA /* LocalFeedImageDataLoader.swift in Sources */ = {isa = PBXBuildFile; fileRef = FAA1ECF627997AD00018FBFA /* LocalFeedImageDataLoader.swift */; };
		FAA1ECF9279BF12B0018FBFA /* FeedImageDataStoreSpy.swift in Sources */ = {isa = PBXBuildFile; fileRef = FAA1ECF8279BF12B0018FBFA /* FeedImageDataStoreSpy.swift */; };
		FAA1ECFB279C0A890018FBFA /* CacheFeedImageDataUseCaseTests.swift in Sources */ = {isa = PBXBuildFile; fileRef = FAA1ECFA279C0A890018FBFA /* CacheFeedImageDataUseCaseTests.swift */; };
		FAA1ECFD279C12E10018FBFA /* CoreDataFeedImageDataStoreTests.swift in Sources */ = {isa = PBXBuildFile; fileRef = FAA1ECFC279C12E10018FBFA /* CoreDataFeedImageDataStoreTests.swift */; };
		FAA1ED00279C1D050018FBFA /* CoreDataFeedStore+FeedImageDataLoader.swift in Sources */ = {isa = PBXBuildFile; fileRef = FAA1ECFF279C1D050018FBFA /* CoreDataFeedStore+FeedImageDataLoader.swift */; };
		FAA1ED06279C96BA0018FBFA /* CoreDataFeedStore+FeedStore.swift in Sources */ = {isa = PBXBuildFile; fileRef = FAA1ED05279C96BA0018FBFA /* CoreDataFeedStore+FeedStore.swift */; };
		FAAA9609277BB029001620EF /* CacheFeedUseCaseTests.swift in Sources */ = {isa = PBXBuildFile; fileRef = FAAA9608277BB029001620EF /* CacheFeedUseCaseTests.swift */; };
		FAAA960C277BD0BB001620EF /* LocalFeedLoader.swift in Sources */ = {isa = PBXBuildFile; fileRef = FAAA960B277BD0BB001620EF /* LocalFeedLoader.swift */; };
		FAAA960E277BD113001620EF /* FeedStore.swift in Sources */ = {isa = PBXBuildFile; fileRef = FAAA960D277BD113001620EF /* FeedStore.swift */; };
		FAAA9612277C9523001620EF /* LocalFeedImage.swift in Sources */ = {isa = PBXBuildFile; fileRef = FAAA9611277C9523001620EF /* LocalFeedImage.swift */; };
		FAAC70D1278F7F97004E1062 /* FeedPresenterTests.swift in Sources */ = {isa = PBXBuildFile; fileRef = FAAC70D0278F7F97004E1062 /* FeedPresenterTests.swift */; };
		FAAC70D3278F8644004E1062 /* ErrorView.swift in Sources */ = {isa = PBXBuildFile; fileRef = FAAC70D2278F8644004E1062 /* ErrorView.swift */; };
		FAAC70D8278F96D5004E1062 /* UIRefreshControl+Helpers.swift in Sources */ = {isa = PBXBuildFile; fileRef = FAAC70D7278F96D5004E1062 /* UIRefreshControl+Helpers.swift */; };
		FAAC70E2278FA122004E1062 /* FeedPresenter.swift in Sources */ = {isa = PBXBuildFile; fileRef = FAAC70E1278FA122004E1062 /* FeedPresenter.swift */; };
		FAAC70E3278FA202004E1062 /* Feed.strings in Resources */ = {isa = PBXBuildFile; fileRef = FAAC70DD278F9FCA004E1062 /* Feed.strings */; };
		FAAC70E5278FA25E004E1062 /* FeedViewModel.swift in Sources */ = {isa = PBXBuildFile; fileRef = FAAC70E4278FA25E004E1062 /* FeedViewModel.swift */; };
		FAAC70E7278FA29A004E1062 /* FeedLoadingViewModel.swift in Sources */ = {isa = PBXBuildFile; fileRef = FAAC70E6278FA29A004E1062 /* FeedLoadingViewModel.swift */; };
		FAAC70E9278FA2C9004E1062 /* FeedErrorViewModel.swift in Sources */ = {isa = PBXBuildFile; fileRef = FAAC70E8278FA2C9004E1062 /* FeedErrorViewModel.swift */; };
		FAAC70EA278FA475004E1062 /* FeedLocalizationTests.swift in Sources */ = {isa = PBXBuildFile; fileRef = FAA10A63278CB94D0060BC85 /* FeedLocalizationTests.swift */; };
		FAB2CD78277D0727007E79DF /* LoadFeedFromCacheUseCaseTests.swift in Sources */ = {isa = PBXBuildFile; fileRef = FAB2CD77277D0727007E79DF /* LoadFeedFromCacheUseCaseTests.swift */; };
		FAB2CD7B277D0966007E79DF /* FeedStoreSpy.swift in Sources */ = {isa = PBXBuildFile; fileRef = FAB2CD7A277D0966007E79DF /* FeedStoreSpy.swift */; };
		FAB2CD7D277DD5B5007E79DF /* ValidateFeedCacheUseCaseTests.swift in Sources */ = {isa = PBXBuildFile; fileRef = FAB2CD7C277DD5B5007E79DF /* ValidateFeedCacheUseCaseTests.swift */; };
		FAB2CD7F277E14C9007E79DF /* FeedCacheTestsHelpers.swift in Sources */ = {isa = PBXBuildFile; fileRef = FAB2CD7E277E14C9007E79DF /* FeedCacheTestsHelpers.swift */; };
		FAB2CD81277E1586007E79DF /* SharedTestHelpers.swift in Sources */ = {isa = PBXBuildFile; fileRef = FAB2CD80277E1586007E79DF /* SharedTestHelpers.swift */; };
		FAB2CD84277E2A06007E79DF /* FeedCachePolicy.swift in Sources */ = {isa = PBXBuildFile; fileRef = FAB2CD82277E29D0007E79DF /* FeedCachePolicy.swift */; };
		FAB2CD86278094AA007E79DF /* CodableFeedStoreTests.swift in Sources */ = {isa = PBXBuildFile; fileRef = FAB2CD85278094AA007E79DF /* CodableFeedStoreTests.swift */; };
		FAB2CD8827825D39007E79DF /* CodableFeedStore.swift in Sources */ = {isa = PBXBuildFile; fileRef = FAB2CD8727825D39007E79DF /* CodableFeedStore.swift */; };
		FAB2CD8A2783A162007E79DF /* FeedStoreSpecs.swift in Sources */ = {isa = PBXBuildFile; fileRef = FAB2CD892783A162007E79DF /* FeedStoreSpecs.swift */; };
		FAB2CD8C2783A41C007E79DF /* XCTestCase+FeedStoreSpecs.swift in Sources */ = {isa = PBXBuildFile; fileRef = FAB2CD8B2783A41C007E79DF /* XCTestCase+FeedStoreSpecs.swift */; };
		FAB2CD8E2783AE3D007E79DF /* CoreDataFeedStoreTests.swift in Sources */ = {isa = PBXBuildFile; fileRef = FAB2CD8D2783AE3D007E79DF /* CoreDataFeedStoreTests.swift */; };
		FAB2CD922783B06C007E79DF /* CoreDataFeedStore.swift in Sources */ = {isa = PBXBuildFile; fileRef = FAB2CD912783B06C007E79DF /* CoreDataFeedStore.swift */; };
		FAB2CD952783B386007E79DF /* FeedStore.xcdatamodeld in Sources */ = {isa = PBXBuildFile; fileRef = FAB2CD932783B386007E79DF /* FeedStore.xcdatamodeld */; };
		FAB2CD9A2784EC55007E79DF /* ManagedFeedImage+CoreDataClass.swift in Sources */ = {isa = PBXBuildFile; fileRef = FAB2CD962784EC55007E79DF /* ManagedFeedImage+CoreDataClass.swift */; };
		FAB2CD9C2784EC55007E79DF /* ManagedCache+CoreDataClass.swift in Sources */ = {isa = PBXBuildFile; fileRef = FAB2CD982784EC55007E79DF /* ManagedCache+CoreDataClass.swift */; };
		FAB2CD9F2784ECFD007E79DF /* CoreDataHelpers.swift in Sources */ = {isa = PBXBuildFile; fileRef = FAB2CD9E2784ECFD007E79DF /* CoreDataHelpers.swift */; };
		FAB2CDA72784F71A007E79DF /* EssentialFeedCacheIntegrationTests.swift in Sources */ = {isa = PBXBuildFile; fileRef = FAB2CDA62784F71A007E79DF /* EssentialFeedCacheIntegrationTests.swift */; };
		FAB2CDA82784F71A007E79DF /* EssentialFeed.framework in Frameworks */ = {isa = PBXBuildFile; fileRef = FA992D4F276A7AF0000C13AA /* EssentialFeed.framework */; };
		FAB2CDAE2784FA2B007E79DF /* XCTestCase+MemoryLeakTracking.swift in Sources */ = {isa = PBXBuildFile; fileRef = FA966E862773A730006F5E39 /* XCTestCase+MemoryLeakTracking.swift */; };
		FAB2CDAF2784FC52007E79DF /* FeedCacheTestsHelpers.swift in Sources */ = {isa = PBXBuildFile; fileRef = FAB2CD7E277E14C9007E79DF /* FeedCacheTestsHelpers.swift */; };
		FAB2CDB02784FC79007E79DF /* SharedTestHelpers.swift in Sources */ = {isa = PBXBuildFile; fileRef = FAB2CD80277E1586007E79DF /* SharedTestHelpers.swift */; };
		FAB2CE1E278860B6007E79DF /* EssentialFeediOS.framework in Frameworks */ = {isa = PBXBuildFile; fileRef = FAB2CE16278860B5007E79DF /* EssentialFeediOS.framework */; };
		FAC6F97127A98A2800E10697 /* FeedSnapshotTests.swift in Sources */ = {isa = PBXBuildFile; fileRef = FAC6F97027A98A2800E10697 /* FeedSnapshotTests.swift */; };
		FAC6F97427AD4A7300E10697 /* UIImage+TestHelpers.swift in Sources */ = {isa = PBXBuildFile; fileRef = FAC6F97327AD4A7300E10697 /* UIImage+TestHelpers.swift */; };
		FAC6F97627AD542C00E10697 /* UITableView+HeaderSizing.swift in Sources */ = {isa = PBXBuildFile; fileRef = FAC6F97527AD542C00E10697 /* UITableView+HeaderSizing.swift */; };
		FAC6F97827AD7C1400E10697 /* UIViewController+Snapshot.swift in Sources */ = {isa = PBXBuildFile; fileRef = FAC6F97727AD7C1400E10697 /* UIViewController+Snapshot.swift */; };
		FACB91D52788CC0A0022A0EE /* FeedViewController.swift in Sources */ = {isa = PBXBuildFile; fileRef = FACB91D42788CC0A0022A0EE /* FeedViewController.swift */; };
		FACB91D72788D8C90022A0EE /* FeedImageCell.swift in Sources */ = {isa = PBXBuildFile; fileRef = FACB91D62788D8C90022A0EE /* FeedImageCell.swift */; };
		FACB91D92789A3220022A0EE /* UIView+Shimmering.swift in Sources */ = {isa = PBXBuildFile; fileRef = FACB91D82789A3220022A0EE /* UIView+Shimmering.swift */; };
		FACB9252278AEA900022A0EE /* FeedImageCellController.swift in Sources */ = {isa = PBXBuildFile; fileRef = FACB9251278AEA900022A0EE /* FeedImageCellController.swift */; };
		FACB9267278BD6C10022A0EE /* Feed.storyboard in Resources */ = {isa = PBXBuildFile; fileRef = FACB9266278BD6C10022A0EE /* Feed.storyboard */; };
		FACB9269278BD71A0022A0EE /* Feed.xcassets in Resources */ = {isa = PBXBuildFile; fileRef = FACB9268278BD71A0022A0EE /* Feed.xcassets */; };
		FACB926B278BE41F0022A0EE /* UITableView+Dequeueing.swift in Sources */ = {isa = PBXBuildFile; fileRef = FACB926A278BE41F0022A0EE /* UITableView+Dequeueing.swift */; };
		FACB926D278BE5630022A0EE /* UIImageView+Animations.swift in Sources */ = {isa = PBXBuildFile; fileRef = FACB926C278BE5630022A0EE /* UIImageView+Animations.swift */; };
/* End PBXBuildFile section */

/* Begin PBXContainerItemProxy section */
		FA4E28752788B5C300AC242A /* PBXContainerItemProxy */ = {
			isa = PBXContainerItemProxy;
			containerPortal = FA992D46276A7AF0000C13AA /* Project object */;
			proxyType = 1;
			remoteGlobalIDString = FA992D4E276A7AF0000C13AA;
			remoteInfo = EssentialFeed;
		};
		FA966E9327763C63006F5E39 /* PBXContainerItemProxy */ = {
			isa = PBXContainerItemProxy;
			containerPortal = FA992D46276A7AF0000C13AA /* Project object */;
			proxyType = 1;
			remoteGlobalIDString = FA992D4E276A7AF0000C13AA;
			remoteInfo = EssentialFeed;
		};
		FA992D59276A7AF1000C13AA /* PBXContainerItemProxy */ = {
			isa = PBXContainerItemProxy;
			containerPortal = FA992D46276A7AF0000C13AA /* Project object */;
			proxyType = 1;
			remoteGlobalIDString = FA992D4E276A7AF0000C13AA;
			remoteInfo = EssentialFeed;
		};
		FAB2CDA92784F71A007E79DF /* PBXContainerItemProxy */ = {
			isa = PBXContainerItemProxy;
			containerPortal = FA992D46276A7AF0000C13AA /* Project object */;
			proxyType = 1;
			remoteGlobalIDString = FA992D4E276A7AF0000C13AA;
			remoteInfo = EssentialFeed;
		};
		FAB2CE1F278860B6007E79DF /* PBXContainerItemProxy */ = {
			isa = PBXContainerItemProxy;
			containerPortal = FA992D46276A7AF0000C13AA /* Project object */;
			proxyType = 1;
			remoteGlobalIDString = FAB2CE15278860B5007E79DF;
			remoteInfo = EssentialFeediOS;
		};
/* End PBXContainerItemProxy section */

/* Begin PBXCopyFilesBuildPhase section */
		FA4E28772788B5C300AC242A /* Embed Frameworks */ = {
			isa = PBXCopyFilesBuildPhase;
			buildActionMask = 2147483647;
			dstPath = "";
			dstSubfolderSpec = 10;
			files = (
				FA4E28742788B5C300AC242A /* EssentialFeed.framework in Embed Frameworks */,
			);
			name = "Embed Frameworks";
			runOnlyForDeploymentPostprocessing = 0;
		};
/* End PBXCopyFilesBuildPhase section */

/* Begin PBXFileReference section */
		FA0A16B727B5A22D008BFA73 /* ImageCommentsMapper.swift */ = {isa = PBXFileReference; lastKnownFileType = sourcecode.swift; path = ImageCommentsMapper.swift; sourceTree = "<group>"; };
		FA0A16BE27B5A6F4008BFA73 /* ImageComment.swift */ = {isa = PBXFileReference; lastKnownFileType = sourcecode.swift; path = ImageComment.swift; sourceTree = "<group>"; };
		FA0A16CC27B5B8B5008BFA73 /* FeedItemsMapperTests.swift */ = {isa = PBXFileReference; lastKnownFileType = sourcecode.swift; path = FeedItemsMapperTests.swift; sourceTree = "<group>"; };
		FA0A16CF27B5BC04008BFA73 /* ImageCommentsMapperTests.swift */ = {isa = PBXFileReference; lastKnownFileType = sourcecode.swift; path = ImageCommentsMapperTests.swift; sourceTree = "<group>"; };
		FA1DE3152798195C007FDDE4 /* LoadFeedImageDataFromRemoteUseCaseTests.swift */ = {isa = PBXFileReference; lastKnownFileType = sourcecode.swift; path = LoadFeedImageDataFromRemoteUseCaseTests.swift; sourceTree = "<group>"; };
		FA1DE318279853D6007FDDE4 /* HTTPClientSpy.swift */ = {isa = PBXFileReference; lastKnownFileType = sourcecode.swift; path = HTTPClientSpy.swift; sourceTree = "<group>"; };
		FA1DE31A279855B7007FDDE4 /* RemoteFeedImageDataLoader.swift */ = {isa = PBXFileReference; lastKnownFileType = sourcecode.swift; path = RemoteFeedImageDataLoader.swift; sourceTree = "<group>"; };
		FA1DE31D27985CD7007FDDE4 /* HTTPURLResponse+StatusCode.swift */ = {isa = PBXFileReference; lastKnownFileType = sourcecode.swift; path = "HTTPURLResponse+StatusCode.swift"; sourceTree = "<group>"; };
		FA1DE31F27985D8E007FDDE4 /* URLProtocolStub.swift */ = {isa = PBXFileReference; lastKnownFileType = sourcecode.swift; path = URLProtocolStub.swift; sourceTree = "<group>"; };
		FA1DE321279872A6007FDDE4 /* LocalFeedImageDataLoaderTests.swift */ = {isa = PBXFileReference; lastKnownFileType = sourcecode.swift; path = LocalFeedImageDataLoaderTests.swift; sourceTree = "<group>"; };
		FA53A1742790A31A004C8992 /* FeedImagePresenterTests.swift */ = {isa = PBXFileReference; lastKnownFileType = sourcecode.swift; path = FeedImagePresenterTests.swift; sourceTree = "<group>"; };
		FA53A1762790ED00004C8992 /* FeedImagePresenter.swift */ = {isa = PBXFileReference; lastKnownFileType = sourcecode.swift; path = FeedImagePresenter.swift; sourceTree = "<group>"; };
		FA53A1782790EDB0004C8992 /* FeedImageViewModel.swift */ = {isa = PBXFileReference; lastKnownFileType = sourcecode.swift; path = FeedImageViewModel.swift; sourceTree = "<group>"; };
		FA64A779279E0DB0007A8E93 /* FeedCache.swift */ = {isa = PBXFileReference; lastKnownFileType = sourcecode.swift; path = FeedCache.swift; sourceTree = "<group>"; };
		FA64A783279E1321007A8E93 /* FeedImageDataCache.swift */ = {isa = PBXFileReference; lastKnownFileType = sourcecode.swift; path = FeedImageDataCache.swift; sourceTree = "<group>"; };
		FA966E832773833C006F5E39 /* URLSessionHTTPClientTests.swift */ = {isa = PBXFileReference; lastKnownFileType = sourcecode.swift; path = URLSessionHTTPClientTests.swift; sourceTree = "<group>"; };
		FA966E862773A730006F5E39 /* XCTestCase+MemoryLeakTracking.swift */ = {isa = PBXFileReference; lastKnownFileType = sourcecode.swift; path = "XCTestCase+MemoryLeakTracking.swift"; sourceTree = "<group>"; };
		FA966E882773BC11006F5E39 /* URLSessionHTTPClient.swift */ = {isa = PBXFileReference; lastKnownFileType = sourcecode.swift; path = URLSessionHTTPClient.swift; sourceTree = "<group>"; };
		FA966E8E27763C62006F5E39 /* EssentialFeedAPIEndToEndTests.xctest */ = {isa = PBXFileReference; explicitFileType = wrapper.cfbundle; includeInIndex = 0; path = EssentialFeedAPIEndToEndTests.xctest; sourceTree = BUILT_PRODUCTS_DIR; };
		FA966E9027763C63006F5E39 /* EssentialFeedAPIEndToEndTests.swift */ = {isa = PBXFileReference; lastKnownFileType = sourcecode.swift; path = EssentialFeedAPIEndToEndTests.swift; sourceTree = "<group>"; };
		FA992D4F276A7AF0000C13AA /* EssentialFeed.framework */ = {isa = PBXFileReference; explicitFileType = wrapper.framework; includeInIndex = 0; path = EssentialFeed.framework; sourceTree = BUILT_PRODUCTS_DIR; };
		FA992D57276A7AF1000C13AA /* EssentialFeedTests.xctest */ = {isa = PBXFileReference; explicitFileType = wrapper.cfbundle; includeInIndex = 0; path = EssentialFeedTests.xctest; sourceTree = BUILT_PRODUCTS_DIR; };
		FA992D67276A7B25000C13AA /* FeedImage.swift */ = {isa = PBXFileReference; lastKnownFileType = sourcecode.swift; path = FeedImage.swift; sourceTree = "<group>"; };
		FA992D69276A7C22000C13AA /* FeedLoader.swift */ = {isa = PBXFileReference; lastKnownFileType = sourcecode.swift; path = FeedLoader.swift; sourceTree = "<group>"; };
		FA992D71276B2804000C13AA /* HTTPClient.swift */ = {isa = PBXFileReference; lastKnownFileType = sourcecode.swift; path = HTTPClient.swift; sourceTree = "<group>"; };
		FA992D75276D131B000C13AA /* FeedItemsMapper.swift */ = {isa = PBXFileReference; lastKnownFileType = sourcecode.swift; path = FeedItemsMapper.swift; sourceTree = "<group>"; };
		FAA10A63278CB94D0060BC85 /* FeedLocalizationTests.swift */ = {isa = PBXFileReference; lastKnownFileType = sourcecode.swift; path = FeedLocalizationTests.swift; sourceTree = "<group>"; };
		FAA17B9927ADBA2900CE2F52 /* XCTestCase+Snapshot.swift */ = {isa = PBXFileReference; lastKnownFileType = sourcecode.swift; path = "XCTestCase+Snapshot.swift"; sourceTree = "<group>"; };
		FAA1ECF427997A760018FBFA /* FeedImageDataStore.swift */ = {isa = PBXFileReference; lastKnownFileType = sourcecode.swift; path = FeedImageDataStore.swift; sourceTree = "<group>"; };
		FAA1ECF627997AD00018FBFA /* LocalFeedImageDataLoader.swift */ = {isa = PBXFileReference; lastKnownFileType = sourcecode.swift; path = LocalFeedImageDataLoader.swift; sourceTree = "<group>"; };
		FAA1ECF8279BF12B0018FBFA /* FeedImageDataStoreSpy.swift */ = {isa = PBXFileReference; lastKnownFileType = sourcecode.swift; path = FeedImageDataStoreSpy.swift; sourceTree = "<group>"; };
		FAA1ECFA279C0A890018FBFA /* CacheFeedImageDataUseCaseTests.swift */ = {isa = PBXFileReference; lastKnownFileType = sourcecode.swift; path = CacheFeedImageDataUseCaseTests.swift; sourceTree = "<group>"; };
		FAA1ECFC279C12E10018FBFA /* CoreDataFeedImageDataStoreTests.swift */ = {isa = PBXFileReference; lastKnownFileType = sourcecode.swift; path = CoreDataFeedImageDataStoreTests.swift; sourceTree = "<group>"; };
		FAA1ECFE279C19680018FBFA /* FeedStore 2.xcdatamodel */ = {isa = PBXFileReference; lastKnownFileType = wrapper.xcdatamodel; path = "FeedStore 2.xcdatamodel"; sourceTree = "<group>"; };
		FAA1ECFF279C1D050018FBFA /* CoreDataFeedStore+FeedImageDataLoader.swift */ = {isa = PBXFileReference; lastKnownFileType = sourcecode.swift; path = "CoreDataFeedStore+FeedImageDataLoader.swift"; sourceTree = "<group>"; };
		FAA1ED05279C96BA0018FBFA /* CoreDataFeedStore+FeedStore.swift */ = {isa = PBXFileReference; lastKnownFileType = sourcecode.swift; path = "CoreDataFeedStore+FeedStore.swift"; sourceTree = "<group>"; };
		FAAA9608277BB029001620EF /* CacheFeedUseCaseTests.swift */ = {isa = PBXFileReference; lastKnownFileType = sourcecode.swift; path = CacheFeedUseCaseTests.swift; sourceTree = "<group>"; };
		FAAA960B277BD0BB001620EF /* LocalFeedLoader.swift */ = {isa = PBXFileReference; lastKnownFileType = sourcecode.swift; path = LocalFeedLoader.swift; sourceTree = "<group>"; };
		FAAA960D277BD113001620EF /* FeedStore.swift */ = {isa = PBXFileReference; lastKnownFileType = sourcecode.swift; path = FeedStore.swift; sourceTree = "<group>"; };
		FAAA9611277C9523001620EF /* LocalFeedImage.swift */ = {isa = PBXFileReference; lastKnownFileType = sourcecode.swift; path = LocalFeedImage.swift; sourceTree = "<group>"; };
		FAAC70D0278F7F97004E1062 /* FeedPresenterTests.swift */ = {isa = PBXFileReference; lastKnownFileType = sourcecode.swift; path = FeedPresenterTests.swift; sourceTree = "<group>"; };
		FAAC70D2278F8644004E1062 /* ErrorView.swift */ = {isa = PBXFileReference; lastKnownFileType = sourcecode.swift; path = ErrorView.swift; sourceTree = "<group>"; };
		FAAC70D7278F96D5004E1062 /* UIRefreshControl+Helpers.swift */ = {isa = PBXFileReference; lastKnownFileType = sourcecode.swift; path = "UIRefreshControl+Helpers.swift"; sourceTree = "<group>"; };
		FAAC70DC278F9FCA004E1062 /* en */ = {isa = PBXFileReference; lastKnownFileType = text.plist.strings; name = en; path = en.lproj/Feed.strings; sourceTree = "<group>"; };
		FAAC70DE278F9FCE004E1062 /* el */ = {isa = PBXFileReference; lastKnownFileType = text.plist.strings; name = el; path = el.lproj/Feed.strings; sourceTree = "<group>"; };
		FAAC70DF278F9FCF004E1062 /* pt-BR */ = {isa = PBXFileReference; lastKnownFileType = text.plist.strings; name = "pt-BR"; path = "pt-BR.lproj/Feed.strings"; sourceTree = "<group>"; };
		FAAC70E1278FA122004E1062 /* FeedPresenter.swift */ = {isa = PBXFileReference; lastKnownFileType = sourcecode.swift; path = FeedPresenter.swift; sourceTree = "<group>"; };
		FAAC70E4278FA25E004E1062 /* FeedViewModel.swift */ = {isa = PBXFileReference; lastKnownFileType = sourcecode.swift; path = FeedViewModel.swift; sourceTree = "<group>"; };
		FAAC70E6278FA29A004E1062 /* FeedLoadingViewModel.swift */ = {isa = PBXFileReference; lastKnownFileType = sourcecode.swift; path = FeedLoadingViewModel.swift; sourceTree = "<group>"; };
		FAAC70E8278FA2C9004E1062 /* FeedErrorViewModel.swift */ = {isa = PBXFileReference; lastKnownFileType = sourcecode.swift; path = FeedErrorViewModel.swift; sourceTree = "<group>"; };
		FAB2CD77277D0727007E79DF /* LoadFeedFromCacheUseCaseTests.swift */ = {isa = PBXFileReference; lastKnownFileType = sourcecode.swift; path = LoadFeedFromCacheUseCaseTests.swift; sourceTree = "<group>"; };
		FAB2CD7A277D0966007E79DF /* FeedStoreSpy.swift */ = {isa = PBXFileReference; lastKnownFileType = sourcecode.swift; path = FeedStoreSpy.swift; sourceTree = "<group>"; };
		FAB2CD7C277DD5B5007E79DF /* ValidateFeedCacheUseCaseTests.swift */ = {isa = PBXFileReference; lastKnownFileType = sourcecode.swift; path = ValidateFeedCacheUseCaseTests.swift; sourceTree = "<group>"; };
		FAB2CD7E277E14C9007E79DF /* FeedCacheTestsHelpers.swift */ = {isa = PBXFileReference; lastKnownFileType = sourcecode.swift; path = FeedCacheTestsHelpers.swift; sourceTree = "<group>"; };
		FAB2CD80277E1586007E79DF /* SharedTestHelpers.swift */ = {isa = PBXFileReference; lastKnownFileType = sourcecode.swift; path = SharedTestHelpers.swift; sourceTree = "<group>"; };
		FAB2CD82277E29D0007E79DF /* FeedCachePolicy.swift */ = {isa = PBXFileReference; lastKnownFileType = sourcecode.swift; path = FeedCachePolicy.swift; sourceTree = "<group>"; };
		FAB2CD85278094AA007E79DF /* CodableFeedStoreTests.swift */ = {isa = PBXFileReference; lastKnownFileType = sourcecode.swift; path = CodableFeedStoreTests.swift; sourceTree = "<group>"; };
		FAB2CD8727825D39007E79DF /* CodableFeedStore.swift */ = {isa = PBXFileReference; lastKnownFileType = sourcecode.swift; path = CodableFeedStore.swift; sourceTree = "<group>"; };
		FAB2CD892783A162007E79DF /* FeedStoreSpecs.swift */ = {isa = PBXFileReference; lastKnownFileType = sourcecode.swift; path = FeedStoreSpecs.swift; sourceTree = "<group>"; };
		FAB2CD8B2783A41C007E79DF /* XCTestCase+FeedStoreSpecs.swift */ = {isa = PBXFileReference; lastKnownFileType = sourcecode.swift; path = "XCTestCase+FeedStoreSpecs.swift"; sourceTree = "<group>"; };
		FAB2CD8D2783AE3D007E79DF /* CoreDataFeedStoreTests.swift */ = {isa = PBXFileReference; lastKnownFileType = sourcecode.swift; path = CoreDataFeedStoreTests.swift; sourceTree = "<group>"; };
		FAB2CD912783B06C007E79DF /* CoreDataFeedStore.swift */ = {isa = PBXFileReference; lastKnownFileType = sourcecode.swift; path = CoreDataFeedStore.swift; sourceTree = "<group>"; };
		FAB2CD942783B386007E79DF /* FeedStore.xcdatamodel */ = {isa = PBXFileReference; lastKnownFileType = wrapper.xcdatamodel; path = FeedStore.xcdatamodel; sourceTree = "<group>"; };
		FAB2CD962784EC55007E79DF /* ManagedFeedImage+CoreDataClass.swift */ = {isa = PBXFileReference; lastKnownFileType = sourcecode.swift; path = "ManagedFeedImage+CoreDataClass.swift"; sourceTree = "<group>"; };
		FAB2CD982784EC55007E79DF /* ManagedCache+CoreDataClass.swift */ = {isa = PBXFileReference; lastKnownFileType = sourcecode.swift; path = "ManagedCache+CoreDataClass.swift"; sourceTree = "<group>"; };
		FAB2CD9E2784ECFD007E79DF /* CoreDataHelpers.swift */ = {isa = PBXFileReference; lastKnownFileType = sourcecode.swift; path = CoreDataHelpers.swift; sourceTree = "<group>"; };
		FAB2CDA42784F719007E79DF /* EssentialFeedCacheIntegrationTests.xctest */ = {isa = PBXFileReference; explicitFileType = wrapper.cfbundle; includeInIndex = 0; path = EssentialFeedCacheIntegrationTests.xctest; sourceTree = BUILT_PRODUCTS_DIR; };
		FAB2CDA62784F71A007E79DF /* EssentialFeedCacheIntegrationTests.swift */ = {isa = PBXFileReference; lastKnownFileType = sourcecode.swift; path = EssentialFeedCacheIntegrationTests.swift; sourceTree = "<group>"; };
		FAB2CE16278860B5007E79DF /* EssentialFeediOS.framework */ = {isa = PBXFileReference; explicitFileType = wrapper.framework; includeInIndex = 0; path = EssentialFeediOS.framework; sourceTree = BUILT_PRODUCTS_DIR; };
		FAB2CE1D278860B6007E79DF /* EssentialFeediOSTests.xctest */ = {isa = PBXFileReference; explicitFileType = wrapper.cfbundle; includeInIndex = 0; path = EssentialFeediOSTests.xctest; sourceTree = BUILT_PRODUCTS_DIR; };
		FAC6F97027A98A2800E10697 /* FeedSnapshotTests.swift */ = {isa = PBXFileReference; lastKnownFileType = sourcecode.swift; path = FeedSnapshotTests.swift; sourceTree = "<group>"; };
		FAC6F97327AD4A7300E10697 /* UIImage+TestHelpers.swift */ = {isa = PBXFileReference; lastKnownFileType = sourcecode.swift; path = "UIImage+TestHelpers.swift"; sourceTree = "<group>"; };
		FAC6F97527AD542C00E10697 /* UITableView+HeaderSizing.swift */ = {isa = PBXFileReference; lastKnownFileType = sourcecode.swift; path = "UITableView+HeaderSizing.swift"; sourceTree = "<group>"; };
		FAC6F97727AD7C1400E10697 /* UIViewController+Snapshot.swift */ = {isa = PBXFileReference; lastKnownFileType = sourcecode.swift; path = "UIViewController+Snapshot.swift"; sourceTree = "<group>"; };
		FACB91D42788CC0A0022A0EE /* FeedViewController.swift */ = {isa = PBXFileReference; lastKnownFileType = sourcecode.swift; path = FeedViewController.swift; sourceTree = "<group>"; };
		FACB91D62788D8C90022A0EE /* FeedImageCell.swift */ = {isa = PBXFileReference; lastKnownFileType = sourcecode.swift; path = FeedImageCell.swift; sourceTree = "<group>"; };
		FACB91D82789A3220022A0EE /* UIView+Shimmering.swift */ = {isa = PBXFileReference; lastKnownFileType = sourcecode.swift; path = "UIView+Shimmering.swift"; sourceTree = "<group>"; };
		FACB9235278A38AC0022A0EE /* FeedImageDataLoader.swift */ = {isa = PBXFileReference; lastKnownFileType = sourcecode.swift; path = FeedImageDataLoader.swift; sourceTree = "<group>"; };
		FACB9251278AEA900022A0EE /* FeedImageCellController.swift */ = {isa = PBXFileReference; lastKnownFileType = sourcecode.swift; path = FeedImageCellController.swift; sourceTree = "<group>"; };
		FACB9266278BD6C10022A0EE /* Feed.storyboard */ = {isa = PBXFileReference; fileEncoding = 4; lastKnownFileType = file.storyboard; path = Feed.storyboard; sourceTree = "<group>"; };
		FACB9268278BD71A0022A0EE /* Feed.xcassets */ = {isa = PBXFileReference; lastKnownFileType = folder.assetcatalog; path = Feed.xcassets; sourceTree = "<group>"; };
		FACB926A278BE41F0022A0EE /* UITableView+Dequeueing.swift */ = {isa = PBXFileReference; lastKnownFileType = sourcecode.swift; path = "UITableView+Dequeueing.swift"; sourceTree = "<group>"; };
		FACB926C278BE5630022A0EE /* UIImageView+Animations.swift */ = {isa = PBXFileReference; lastKnownFileType = sourcecode.swift; path = "UIImageView+Animations.swift"; sourceTree = "<group>"; };
/* End PBXFileReference section */

/* Begin PBXFrameworksBuildPhase section */
		FA966E8B27763C62006F5E39 /* Frameworks */ = {
			isa = PBXFrameworksBuildPhase;
			buildActionMask = 2147483647;
			files = (
				FA966E9227763C63006F5E39 /* EssentialFeed.framework in Frameworks */,
			);
			runOnlyForDeploymentPostprocessing = 0;
		};
		FA992D4C276A7AF0000C13AA /* Frameworks */ = {
			isa = PBXFrameworksBuildPhase;
			buildActionMask = 2147483647;
			files = (
			);
			runOnlyForDeploymentPostprocessing = 0;
		};
		FA992D54276A7AF1000C13AA /* Frameworks */ = {
			isa = PBXFrameworksBuildPhase;
			buildActionMask = 2147483647;
			files = (
				FA992D58276A7AF1000C13AA /* EssentialFeed.framework in Frameworks */,
			);
			runOnlyForDeploymentPostprocessing = 0;
		};
		FAB2CDA12784F719007E79DF /* Frameworks */ = {
			isa = PBXFrameworksBuildPhase;
			buildActionMask = 2147483647;
			files = (
				FAB2CDA82784F71A007E79DF /* EssentialFeed.framework in Frameworks */,
			);
			runOnlyForDeploymentPostprocessing = 0;
		};
		FAB2CE13278860B5007E79DF /* Frameworks */ = {
			isa = PBXFrameworksBuildPhase;
			buildActionMask = 2147483647;
			files = (
				FA4E28732788B5C300AC242A /* EssentialFeed.framework in Frameworks */,
			);
			runOnlyForDeploymentPostprocessing = 0;
		};
		FAB2CE1A278860B6007E79DF /* Frameworks */ = {
			isa = PBXFrameworksBuildPhase;
			buildActionMask = 2147483647;
			files = (
				FAB2CE1E278860B6007E79DF /* EssentialFeediOS.framework in Frameworks */,
			);
			runOnlyForDeploymentPostprocessing = 0;
		};
/* End PBXFrameworksBuildPhase section */

/* Begin PBXGroup section */
		FA0A16BD27B5A6DD008BFA73 /* Image Comments Feature */ = {
			isa = PBXGroup;
			children = (
				FA0A16BE27B5A6F4008BFA73 /* ImageComment.swift */,
			);
			path = "Image Comments Feature";
			sourceTree = "<group>";
		};
		FA0A16C027B5A99F008BFA73 /* Shared API Infrastructure */ = {
			isa = PBXGroup;
			children = (
				FA966E882773BC11006F5E39 /* URLSessionHTTPClient.swift */,
			);
			path = "Shared API Infrastructure";
			sourceTree = "<group>";
		};
		FA0A16C127B5AA51008BFA73 /* Shared API */ = {
			isa = PBXGroup;
			children = (
				FA992D71276B2804000C13AA /* HTTPClient.swift */,
			);
			path = "Shared API";
			sourceTree = "<group>";
		};
		FA0A16C227B5AAE3008BFA73 /* Shared API Infrastructure */ = {
			isa = PBXGroup;
			children = (
				FA966E832773833C006F5E39 /* URLSessionHTTPClientTests.swift */,
				FA0A16C327B5AB08008BFA73 /* Helpers */,
			);
			path = "Shared API Infrastructure";
			sourceTree = "<group>";
		};
		FA0A16C327B5AB08008BFA73 /* Helpers */ = {
			isa = PBXGroup;
			children = (
				FA1DE31F27985D8E007FDDE4 /* URLProtocolStub.swift */,
			);
			path = Helpers;
			sourceTree = "<group>";
		};
		FA0A16C427B5AB4A008BFA73 /* Shared API */ = {
			isa = PBXGroup;
			children = (
				FA0A16C527B5AB4F008BFA73 /* Helpers */,
			);
			path = "Shared API";
			sourceTree = "<group>";
		};
		FA0A16C527B5AB4F008BFA73 /* Helpers */ = {
			isa = PBXGroup;
			children = (
				FA1DE318279853D6007FDDE4 /* HTTPClientSpy.swift */,
			);
			path = Helpers;
			sourceTree = "<group>";
		};
		FA0A16C627B5AC4E008BFA73 /* Image Comments API */ = {
			isa = PBXGroup;
			children = (
				FA0A16B727B5A22D008BFA73 /* ImageCommentsMapper.swift */,
			);
			path = "Image Comments API";
			sourceTree = "<group>";
		};
		FA0A16C727B5AEBC008BFA73 /* Image Comments API */ = {
			isa = PBXGroup;
			children = (
				FA0A16CF27B5BC04008BFA73 /* ImageCommentsMapperTests.swift */,
			);
			path = "Image Comments API";
			sourceTree = "<group>";
		};
		FA1DE31C27985CC4007FDDE4 /* Helpers */ = {
			isa = PBXGroup;
			children = (
				FA1DE31D27985CD7007FDDE4 /* HTTPURLResponse+StatusCode.swift */,
			);
			path = Helpers;
			sourceTree = "<group>";
		};
		FA4E28722788B5C300AC242A /* Frameworks */ = {
			isa = PBXGroup;
			children = (
			);
			name = Frameworks;
			sourceTree = "<group>";
		};
		FA966E852773A703006F5E39 /* Helpers */ = {
			isa = PBXGroup;
			children = (
				FAB2CD80277E1586007E79DF /* SharedTestHelpers.swift */,
				FA966E862773A730006F5E39 /* XCTestCase+MemoryLeakTracking.swift */,
			);
			path = Helpers;
			sourceTree = "<group>";
		};
		FA966E8F27763C62006F5E39 /* EssentialFeedAPIEndToEndTests */ = {
			isa = PBXGroup;
			children = (
				FA966E9027763C63006F5E39 /* EssentialFeedAPIEndToEndTests.swift */,
			);
			path = EssentialFeedAPIEndToEndTests;
			sourceTree = "<group>";
		};
		FA992D45276A7AF0000C13AA = {
			isa = PBXGroup;
			children = (
				FA992D51276A7AF0000C13AA /* EssentialFeed */,
				FA992D5B276A7AF1000C13AA /* EssentialFeedTests */,
				FA966E8F27763C62006F5E39 /* EssentialFeedAPIEndToEndTests */,
				FAB2CDA52784F71A007E79DF /* EssentialFeedCacheIntegrationTests */,
				FAB2CE17278860B5007E79DF /* EssentialFeediOS */,
				FAB2CE21278860B6007E79DF /* EssentialFeediOSTests */,
				FA992D50276A7AF0000C13AA /* Products */,
				FA4E28722788B5C300AC242A /* Frameworks */,
			);
			sourceTree = "<group>";
		};
		FA992D50276A7AF0000C13AA /* Products */ = {
			isa = PBXGroup;
			children = (
				FA992D4F276A7AF0000C13AA /* EssentialFeed.framework */,
				FA992D57276A7AF1000C13AA /* EssentialFeedTests.xctest */,
				FA966E8E27763C62006F5E39 /* EssentialFeedAPIEndToEndTests.xctest */,
				FAB2CDA42784F719007E79DF /* EssentialFeedCacheIntegrationTests.xctest */,
				FAB2CE16278860B5007E79DF /* EssentialFeediOS.framework */,
				FAB2CE1D278860B6007E79DF /* EssentialFeediOSTests.xctest */,
			);
			name = Products;
			sourceTree = "<group>";
		};
		FA992D51276A7AF0000C13AA /* EssentialFeed */ = {
			isa = PBXGroup;
			children = (
				FA992D6E276AA243000C13AA /* Feed API */,
				FAAA960A277BD0A5001620EF /* Feed Cache */,
				FA992D6D276A7F01000C13AA /* Feed Feature */,
				FAAC70E0278FA0FF004E1062 /* Feed Presentation */,
				FA0A16C627B5AC4E008BFA73 /* Image Comments API */,
				FA0A16BD27B5A6DD008BFA73 /* Image Comments Feature */,
				FA0A16C127B5AA51008BFA73 /* Shared API */,
				FA0A16C027B5A99F008BFA73 /* Shared API Infrastructure */,
			);
			path = EssentialFeed;
			sourceTree = "<group>";
		};
		FA992D5B276A7AF1000C13AA /* EssentialFeedTests */ = {
			isa = PBXGroup;
			children = (
				FA992D77276D1B91000C13AA /* Feed API */,
				FAAA9607277BB002001620EF /* Feed Cache */,
				FAAC70CF278F7F7C004E1062 /* Feed Presentation */,
				FA966E852773A703006F5E39 /* Helpers */,
				FA0A16C727B5AEBC008BFA73 /* Image Comments API */,
				FA0A16C427B5AB4A008BFA73 /* Shared API */,
				FA0A16C227B5AAE3008BFA73 /* Shared API Infrastructure */,
			);
			path = EssentialFeedTests;
			sourceTree = "<group>";
		};
		FA992D6D276A7F01000C13AA /* Feed Feature */ = {
			isa = PBXGroup;
			children = (
				FA64A779279E0DB0007A8E93 /* FeedCache.swift */,
				FA992D67276A7B25000C13AA /* FeedImage.swift */,
				FA64A783279E1321007A8E93 /* FeedImageDataCache.swift */,
				FACB9235278A38AC0022A0EE /* FeedImageDataLoader.swift */,
				FA992D69276A7C22000C13AA /* FeedLoader.swift */,
			);
			path = "Feed Feature";
			sourceTree = "<group>";
		};
		FA992D6E276AA243000C13AA /* Feed API */ = {
			isa = PBXGroup;
			children = (
				FA992D75276D131B000C13AA /* FeedItemsMapper.swift */,
				FA1DE31A279855B7007FDDE4 /* RemoteFeedImageDataLoader.swift */,
				FA1DE31C27985CC4007FDDE4 /* Helpers */,
			);
			path = "Feed API";
			sourceTree = "<group>";
		};
		FA992D77276D1B91000C13AA /* Feed API */ = {
			isa = PBXGroup;
			children = (
				FA0A16CC27B5B8B5008BFA73 /* FeedItemsMapperTests.swift */,
				FA1DE3152798195C007FDDE4 /* LoadFeedImageDataFromRemoteUseCaseTests.swift */,
			);
			path = "Feed API";
			sourceTree = "<group>";
		};
		FAAA9607277BB002001620EF /* Feed Cache */ = {
			isa = PBXGroup;
			children = (
				FAA1ECFA279C0A890018FBFA /* CacheFeedImageDataUseCaseTests.swift */,
				FAAA9608277BB029001620EF /* CacheFeedUseCaseTests.swift */,
				FAB2CD85278094AA007E79DF /* CodableFeedStoreTests.swift */,
				FAA1ECFC279C12E10018FBFA /* CoreDataFeedImageDataStoreTests.swift */,
				FAB2CD8D2783AE3D007E79DF /* CoreDataFeedStoreTests.swift */,
				FAB2CD892783A162007E79DF /* FeedStoreSpecs.swift */,
				FAB2CD77277D0727007E79DF /* LoadFeedFromCacheUseCaseTests.swift */,
				FA1DE321279872A6007FDDE4 /* LocalFeedImageDataLoaderTests.swift */,
				FAB2CD7C277DD5B5007E79DF /* ValidateFeedCacheUseCaseTests.swift */,
				FAB2CD8B2783A41C007E79DF /* XCTestCase+FeedStoreSpecs.swift */,
				FAB2CD79277D0954007E79DF /* Helpers */,
			);
			path = "Feed Cache";
			sourceTree = "<group>";
		};
		FAAA960A277BD0A5001620EF /* Feed Cache */ = {
			isa = PBXGroup;
			children = (
				FAB2CD8727825D39007E79DF /* CodableFeedStore.swift */,
				FAB2CD82277E29D0007E79DF /* FeedCachePolicy.swift */,
				FAA1ECF427997A760018FBFA /* FeedImageDataStore.swift */,
				FAAA960D277BD113001620EF /* FeedStore.swift */,
				FAAA9611277C9523001620EF /* LocalFeedImage.swift */,
				FAA1ECF627997AD00018FBFA /* LocalFeedImageDataLoader.swift */,
				FAAA960B277BD0BB001620EF /* LocalFeedLoader.swift */,
				FAB2CD8F2783B04A007E79DF /* Infrastructure */,
			);
			path = "Feed Cache";
			sourceTree = "<group>";
		};
		FAAC70CF278F7F7C004E1062 /* Feed Presentation */ = {
			isa = PBXGroup;
			children = (
				FA53A1742790A31A004C8992 /* FeedImagePresenterTests.swift */,
				FAA10A63278CB94D0060BC85 /* FeedLocalizationTests.swift */,
				FAAC70D0278F7F97004E1062 /* FeedPresenterTests.swift */,
			);
			path = "Feed Presentation";
			sourceTree = "<group>";
		};
		FAAC70D4278F9610004E1062 /* Helpers */ = {
			isa = PBXGroup;
			children = (
				FACB926C278BE5630022A0EE /* UIImageView+Animations.swift */,
				FAAC70D7278F96D5004E1062 /* UIRefreshControl+Helpers.swift */,
				FACB926A278BE41F0022A0EE /* UITableView+Dequeueing.swift */,
				FAC6F97527AD542C00E10697 /* UITableView+HeaderSizing.swift */,
				FACB91D82789A3220022A0EE /* UIView+Shimmering.swift */,
			);
			path = Helpers;
			sourceTree = "<group>";
		};
		FAAC70E0278FA0FF004E1062 /* Feed Presentation */ = {
			isa = PBXGroup;
			children = (
				FAAC70E8278FA2C9004E1062 /* FeedErrorViewModel.swift */,
				FA53A1762790ED00004C8992 /* FeedImagePresenter.swift */,
				FA53A1782790EDB0004C8992 /* FeedImageViewModel.swift */,
				FAAC70E6278FA29A004E1062 /* FeedLoadingViewModel.swift */,
				FAAC70E1278FA122004E1062 /* FeedPresenter.swift */,
				FAAC70E4278FA25E004E1062 /* FeedViewModel.swift */,
				FAAC70DD278F9FCA004E1062 /* Feed.strings */,
			);
			path = "Feed Presentation";
			sourceTree = "<group>";
		};
		FAB2CD79277D0954007E79DF /* Helpers */ = {
			isa = PBXGroup;
			children = (
				FAB2CD7E277E14C9007E79DF /* FeedCacheTestsHelpers.swift */,
				FAA1ECF8279BF12B0018FBFA /* FeedImageDataStoreSpy.swift */,
				FAB2CD7A277D0966007E79DF /* FeedStoreSpy.swift */,
			);
			path = Helpers;
			sourceTree = "<group>";
		};
		FAB2CD8F2783B04A007E79DF /* Infrastructure */ = {
			isa = PBXGroup;
			children = (
				FAB2CD902783B05B007E79DF /* CoreData */,
			);
			path = Infrastructure;
			sourceTree = "<group>";
		};
		FAB2CD902783B05B007E79DF /* CoreData */ = {
			isa = PBXGroup;
			children = (
				FAB2CD912783B06C007E79DF /* CoreDataFeedStore.swift */,
				FAA1ECFF279C1D050018FBFA /* CoreDataFeedStore+FeedImageDataLoader.swift */,
				FAA1ED05279C96BA0018FBFA /* CoreDataFeedStore+FeedStore.swift */,
				FAB2CD9E2784ECFD007E79DF /* CoreDataHelpers.swift */,
				FAB2CD982784EC55007E79DF /* ManagedCache+CoreDataClass.swift */,
				FAB2CD962784EC55007E79DF /* ManagedFeedImage+CoreDataClass.swift */,
				FAB2CD932783B386007E79DF /* FeedStore.xcdatamodeld */,
			);
			path = CoreData;
			sourceTree = "<group>";
		};
		FAB2CDA52784F71A007E79DF /* EssentialFeedCacheIntegrationTests */ = {
			isa = PBXGroup;
			children = (
				FAB2CDA62784F71A007E79DF /* EssentialFeedCacheIntegrationTests.swift */,
			);
			path = EssentialFeedCacheIntegrationTests;
			sourceTree = "<group>";
		};
		FAB2CE17278860B5007E79DF /* EssentialFeediOS */ = {
			isa = PBXGroup;
			children = (
				FACB9238278A38C40022A0EE /* Feed UI */,
			);
			path = EssentialFeediOS;
			sourceTree = "<group>";
		};
		FAB2CE21278860B6007E79DF /* EssentialFeediOSTests */ = {
			isa = PBXGroup;
			children = (
				FAC6F97027A98A2800E10697 /* FeedSnapshotTests.swift */,
				FAC6F97227AD4A6800E10697 /* Helpers */,
			);
			path = EssentialFeediOSTests;
			sourceTree = "<group>";
		};
		FAC6F97227AD4A6800E10697 /* Helpers */ = {
			isa = PBXGroup;
			children = (
				FAC6F97327AD4A7300E10697 /* UIImage+TestHelpers.swift */,
				FAC6F97727AD7C1400E10697 /* UIViewController+Snapshot.swift */,
				FAA17B9927ADBA2900CE2F52 /* XCTestCase+Snapshot.swift */,
			);
			path = Helpers;
			sourceTree = "<group>";
		};
		FACB9238278A38C40022A0EE /* Feed UI */ = {
			isa = PBXGroup;
			children = (
				FACB9239278A38CC0022A0EE /* Controllers */,
				FACB923A278A38D30022A0EE /* Views */,
			);
			path = "Feed UI";
			sourceTree = "<group>";
		};
		FACB9239278A38CC0022A0EE /* Controllers */ = {
			isa = PBXGroup;
			children = (
				FACB9251278AEA900022A0EE /* FeedImageCellController.swift */,
				FACB91D42788CC0A0022A0EE /* FeedViewController.swift */,
			);
			path = Controllers;
			sourceTree = "<group>";
		};
		FACB923A278A38D30022A0EE /* Views */ = {
			isa = PBXGroup;
			children = (
				FACB9266278BD6C10022A0EE /* Feed.storyboard */,
				FAAC70D2278F8644004E1062 /* ErrorView.swift */,
				FACB91D62788D8C90022A0EE /* FeedImageCell.swift */,
				FACB9268278BD71A0022A0EE /* Feed.xcassets */,
				FAAC70D4278F9610004E1062 /* Helpers */,
			);
			path = Views;
			sourceTree = "<group>";
		};
/* End PBXGroup section */

/* Begin PBXHeadersBuildPhase section */
		FA992D4A276A7AF0000C13AA /* Headers */ = {
			isa = PBXHeadersBuildPhase;
			buildActionMask = 2147483647;
			files = (
			);
			runOnlyForDeploymentPostprocessing = 0;
		};
		FAB2CE11278860B5007E79DF /* Headers */ = {
			isa = PBXHeadersBuildPhase;
			buildActionMask = 2147483647;
			files = (
			);
			runOnlyForDeploymentPostprocessing = 0;
		};
/* End PBXHeadersBuildPhase section */

/* Begin PBXNativeTarget section */
		FA966E8D27763C62006F5E39 /* EssentialFeedAPIEndToEndTests */ = {
			isa = PBXNativeTarget;
			buildConfigurationList = FA966E9527763C63006F5E39 /* Build configuration list for PBXNativeTarget "EssentialFeedAPIEndToEndTests" */;
			buildPhases = (
				FA966E8A27763C62006F5E39 /* Sources */,
				FA966E8B27763C62006F5E39 /* Frameworks */,
				FA966E8C27763C62006F5E39 /* Resources */,
			);
			buildRules = (
			);
			dependencies = (
				FA966E9427763C63006F5E39 /* PBXTargetDependency */,
			);
			name = EssentialFeedAPIEndToEndTests;
			productName = EssentialFeedAPIEndToEndTests;
			productReference = FA966E8E27763C62006F5E39 /* EssentialFeedAPIEndToEndTests.xctest */;
			productType = "com.apple.product-type.bundle.unit-test";
		};
		FA992D4E276A7AF0000C13AA /* EssentialFeed */ = {
			isa = PBXNativeTarget;
			buildConfigurationList = FA992D61276A7AF1000C13AA /* Build configuration list for PBXNativeTarget "EssentialFeed" */;
			buildPhases = (
				FA992D4A276A7AF0000C13AA /* Headers */,
				FA992D4B276A7AF0000C13AA /* Sources */,
				FA992D4C276A7AF0000C13AA /* Frameworks */,
				FA992D4D276A7AF0000C13AA /* Resources */,
			);
			buildRules = (
			);
			dependencies = (
			);
			name = EssentialFeed;
			productName = EssentialFeed;
			productReference = FA992D4F276A7AF0000C13AA /* EssentialFeed.framework */;
			productType = "com.apple.product-type.framework";
		};
		FA992D56276A7AF1000C13AA /* EssentialFeedTests */ = {
			isa = PBXNativeTarget;
			buildConfigurationList = FA992D64276A7AF1000C13AA /* Build configuration list for PBXNativeTarget "EssentialFeedTests" */;
			buildPhases = (
				FA992D53276A7AF1000C13AA /* Sources */,
				FA992D54276A7AF1000C13AA /* Frameworks */,
				FA992D55276A7AF1000C13AA /* Resources */,
			);
			buildRules = (
			);
			dependencies = (
				FA992D5A276A7AF1000C13AA /* PBXTargetDependency */,
			);
			name = EssentialFeedTests;
			productName = EssentialFeedTests;
			productReference = FA992D57276A7AF1000C13AA /* EssentialFeedTests.xctest */;
			productType = "com.apple.product-type.bundle.unit-test";
		};
		FAB2CDA32784F719007E79DF /* EssentialFeedCacheIntegrationTests */ = {
			isa = PBXNativeTarget;
			buildConfigurationList = FAB2CDAB2784F71A007E79DF /* Build configuration list for PBXNativeTarget "EssentialFeedCacheIntegrationTests" */;
			buildPhases = (
				FAB2CDA02784F719007E79DF /* Sources */,
				FAB2CDA12784F719007E79DF /* Frameworks */,
				FAB2CDA22784F719007E79DF /* Resources */,
			);
			buildRules = (
			);
			dependencies = (
				FAB2CDAA2784F71A007E79DF /* PBXTargetDependency */,
			);
			name = EssentialFeedCacheIntegrationTests;
			productName = EssentialFeedCacheIntegrationTests;
			productReference = FAB2CDA42784F719007E79DF /* EssentialFeedCacheIntegrationTests.xctest */;
			productType = "com.apple.product-type.bundle.unit-test";
		};
		FAB2CE15278860B5007E79DF /* EssentialFeediOS */ = {
			isa = PBXNativeTarget;
			buildConfigurationList = FAB2CE25278860B6007E79DF /* Build configuration list for PBXNativeTarget "EssentialFeediOS" */;
			buildPhases = (
				FAB2CE11278860B5007E79DF /* Headers */,
				FAB2CE12278860B5007E79DF /* Sources */,
				FAB2CE13278860B5007E79DF /* Frameworks */,
				FAB2CE14278860B5007E79DF /* Resources */,
				FA4E28772788B5C300AC242A /* Embed Frameworks */,
			);
			buildRules = (
			);
			dependencies = (
				FA4E28762788B5C300AC242A /* PBXTargetDependency */,
			);
			name = EssentialFeediOS;
			productName = EssentialFeediOS;
			productReference = FAB2CE16278860B5007E79DF /* EssentialFeediOS.framework */;
			productType = "com.apple.product-type.framework";
		};
		FAB2CE1C278860B6007E79DF /* EssentialFeediOSTests */ = {
			isa = PBXNativeTarget;
			buildConfigurationList = FAB2CE28278860B6007E79DF /* Build configuration list for PBXNativeTarget "EssentialFeediOSTests" */;
			buildPhases = (
				FAB2CE19278860B6007E79DF /* Sources */,
				FAB2CE1A278860B6007E79DF /* Frameworks */,
				FAB2CE1B278860B6007E79DF /* Resources */,
			);
			buildRules = (
			);
			dependencies = (
				FAB2CE20278860B6007E79DF /* PBXTargetDependency */,
			);
			name = EssentialFeediOSTests;
			productName = EssentialFeediOSTests;
			productReference = FAB2CE1D278860B6007E79DF /* EssentialFeediOSTests.xctest */;
			productType = "com.apple.product-type.bundle.unit-test";
		};
/* End PBXNativeTarget section */

/* Begin PBXProject section */
		FA992D46276A7AF0000C13AA /* Project object */ = {
			isa = PBXProject;
			attributes = {
				BuildIndependentTargetsInParallel = 1;
				LastSwiftUpdateCheck = 1320;
				LastUpgradeCheck = 1320;
				TargetAttributes = {
					FA966E8D27763C62006F5E39 = {
						CreatedOnToolsVersion = 13.2.1;
					};
					FA992D4E276A7AF0000C13AA = {
						CreatedOnToolsVersion = 13.1;
						LastSwiftMigration = 1310;
					};
					FA992D56276A7AF1000C13AA = {
						CreatedOnToolsVersion = 13.1;
					};
					FAB2CDA32784F719007E79DF = {
						CreatedOnToolsVersion = 13.2.1;
					};
					FAB2CE15278860B5007E79DF = {
						CreatedOnToolsVersion = 13.2.1;
						LastSwiftMigration = 1320;
					};
					FAB2CE1C278860B6007E79DF = {
						CreatedOnToolsVersion = 13.2.1;
					};
				};
			};
			buildConfigurationList = FA992D49276A7AF0000C13AA /* Build configuration list for PBXProject "EssentialFeed" */;
			compatibilityVersion = "Xcode 13.0";
			developmentRegion = en;
			hasScannedForEncodings = 0;
			knownRegions = (
				en,
				Base,
				"pt-BR",
				el,
			);
			mainGroup = FA992D45276A7AF0000C13AA;
			productRefGroup = FA992D50276A7AF0000C13AA /* Products */;
			projectDirPath = "";
			projectRoot = "";
			targets = (
				FA992D4E276A7AF0000C13AA /* EssentialFeed */,
				FA992D56276A7AF1000C13AA /* EssentialFeedTests */,
				FA966E8D27763C62006F5E39 /* EssentialFeedAPIEndToEndTests */,
				FAB2CDA32784F719007E79DF /* EssentialFeedCacheIntegrationTests */,
				FAB2CE15278860B5007E79DF /* EssentialFeediOS */,
				FAB2CE1C278860B6007E79DF /* EssentialFeediOSTests */,
			);
		};
/* End PBXProject section */

/* Begin PBXResourcesBuildPhase section */
		FA966E8C27763C62006F5E39 /* Resources */ = {
			isa = PBXResourcesBuildPhase;
			buildActionMask = 2147483647;
			files = (
			);
			runOnlyForDeploymentPostprocessing = 0;
		};
		FA992D4D276A7AF0000C13AA /* Resources */ = {
			isa = PBXResourcesBuildPhase;
			buildActionMask = 2147483647;
			files = (
				FAAC70E3278FA202004E1062 /* Feed.strings in Resources */,
			);
			runOnlyForDeploymentPostprocessing = 0;
		};
		FA992D55276A7AF1000C13AA /* Resources */ = {
			isa = PBXResourcesBuildPhase;
			buildActionMask = 2147483647;
			files = (
			);
			runOnlyForDeploymentPostprocessing = 0;
		};
		FAB2CDA22784F719007E79DF /* Resources */ = {
			isa = PBXResourcesBuildPhase;
			buildActionMask = 2147483647;
			files = (
			);
			runOnlyForDeploymentPostprocessing = 0;
		};
		FAB2CE14278860B5007E79DF /* Resources */ = {
			isa = PBXResourcesBuildPhase;
			buildActionMask = 2147483647;
			files = (
				FACB9267278BD6C10022A0EE /* Feed.storyboard in Resources */,
				FACB9269278BD71A0022A0EE /* Feed.xcassets in Resources */,
			);
			runOnlyForDeploymentPostprocessing = 0;
		};
		FAB2CE1B278860B6007E79DF /* Resources */ = {
			isa = PBXResourcesBuildPhase;
			buildActionMask = 2147483647;
			files = (
			);
			runOnlyForDeploymentPostprocessing = 0;
		};
/* End PBXResourcesBuildPhase section */

/* Begin PBXSourcesBuildPhase section */
		FA966E8A27763C62006F5E39 /* Sources */ = {
			isa = PBXSourcesBuildPhase;
			buildActionMask = 2147483647;
			files = (
				FA966E9127763C63006F5E39 /* EssentialFeedAPIEndToEndTests.swift in Sources */,
				FA966E9827770649006F5E39 /* XCTestCase+MemoryLeakTracking.swift in Sources */,
			);
			runOnlyForDeploymentPostprocessing = 0;
		};
		FA992D4B276A7AF0000C13AA /* Sources */ = {
			isa = PBXSourcesBuildPhase;
			buildActionMask = 2147483647;
			files = (
				FA0A16BF27B5A6F4008BFA73 /* ImageComment.swift in Sources */,
				FAAC70E5278FA25E004E1062 /* FeedViewModel.swift in Sources */,
				FAB2CD922783B06C007E79DF /* CoreDataFeedStore.swift in Sources */,
				FA992D72276B2804000C13AA /* HTTPClient.swift in Sources */,
				FAAC70E9278FA2C9004E1062 /* FeedErrorViewModel.swift in Sources */,
				FAB2CD84277E2A06007E79DF /* FeedCachePolicy.swift in Sources */,
				FA53A1772790ED00004C8992 /* FeedImagePresenter.swift in Sources */,
				FAAC70E2278FA122004E1062 /* FeedPresenter.swift in Sources */,
				FA992D6A276A7C22000C13AA /* FeedLoader.swift in Sources */,
				FAAC70E7278FA29A004E1062 /* FeedLoadingViewModel.swift in Sources */,
				FAB2CD9A2784EC55007E79DF /* ManagedFeedImage+CoreDataClass.swift in Sources */,
				FAAA960C277BD0BB001620EF /* LocalFeedLoader.swift in Sources */,
				FA1DE3142797176A007FDDE4 /* FeedImageDataLoader.swift in Sources */,
				FAAA9612277C9523001620EF /* LocalFeedImage.swift in Sources */,
				FAA1ED06279C96BA0018FBFA /* CoreDataFeedStore+FeedStore.swift in Sources */,
				FA966E892773BC11006F5E39 /* URLSessionHTTPClient.swift in Sources */,
				FA0A16B827B5A22D008BFA73 /* ImageCommentsMapper.swift in Sources */,
				FAAA960E277BD113001620EF /* FeedStore.swift in Sources */,
				FAA1ECF527997A760018FBFA /* FeedImageDataStore.swift in Sources */,
				FA1DE31E27985CD7007FDDE4 /* HTTPURLResponse+StatusCode.swift in Sources */,
				FA64A77A279E0DB0007A8E93 /* FeedCache.swift in Sources */,
				FAA1ED00279C1D050018FBFA /* CoreDataFeedStore+FeedImageDataLoader.swift in Sources */,
				FAB2CD8827825D39007E79DF /* CodableFeedStore.swift in Sources */,
				FA992D76276D131B000C13AA /* FeedItemsMapper.swift in Sources */,
				FAB2CD9C2784EC55007E79DF /* ManagedCache+CoreDataClass.swift in Sources */,
				FA64A784279E1321007A8E93 /* FeedImageDataCache.swift in Sources */,
				FA53A1792790EDB0004C8992 /* FeedImageViewModel.swift in Sources */,
				FA1DE31B279855B7007FDDE4 /* RemoteFeedImageDataLoader.swift in Sources */,
				FAA1ECF727997AD00018FBFA /* LocalFeedImageDataLoader.swift in Sources */,
				FAB2CD9F2784ECFD007E79DF /* CoreDataHelpers.swift in Sources */,
				FA992D68276A7B25000C13AA /* FeedImage.swift in Sources */,
				FAB2CD952783B386007E79DF /* FeedStore.xcdatamodeld in Sources */,
			);
			runOnlyForDeploymentPostprocessing = 0;
		};
		FA992D53276A7AF1000C13AA /* Sources */ = {
			isa = PBXSourcesBuildPhase;
			buildActionMask = 2147483647;
			files = (
				FAB2CD86278094AA007E79DF /* CodableFeedStoreTests.swift in Sources */,
				FA1DE319279853D6007FDDE4 /* HTTPClientSpy.swift in Sources */,
				FAB2CD7D277DD5B5007E79DF /* ValidateFeedCacheUseCaseTests.swift in Sources */,
				FA966E842773833C006F5E39 /* URLSessionHTTPClientTests.swift in Sources */,
				FAAC70D1278F7F97004E1062 /* FeedPresenterTests.swift in Sources */,
				FAA1ECFB279C0A890018FBFA /* CacheFeedImageDataUseCaseTests.swift in Sources */,
				FAB2CD7B277D0966007E79DF /* FeedStoreSpy.swift in Sources */,
				FAB2CD8E2783AE3D007E79DF /* CoreDataFeedStoreTests.swift in Sources */,
				FA1DE3162798195C007FDDE4 /* LoadFeedImageDataFromRemoteUseCaseTests.swift in Sources */,
				FAB2CD7F277E14C9007E79DF /* FeedCacheTestsHelpers.swift in Sources */,
				FAAC70EA278FA475004E1062 /* FeedLocalizationTests.swift in Sources */,
				FAB2CD81277E1586007E79DF /* SharedTestHelpers.swift in Sources */,
				FA53A1752790A31A004C8992 /* FeedImagePresenterTests.swift in Sources */,
				FAAA9609277BB029001620EF /* CacheFeedUseCaseTests.swift in Sources */,
				FAB2CD78277D0727007E79DF /* LoadFeedFromCacheUseCaseTests.swift in Sources */,
				FA1DE32027985D8E007FDDE4 /* URLProtocolStub.swift in Sources */,
				FA1DE322279872A6007FDDE4 /* LocalFeedImageDataLoaderTests.swift in Sources */,
				FAB2CD8A2783A162007E79DF /* FeedStoreSpecs.swift in Sources */,
				FA966E872773A730006F5E39 /* XCTestCase+MemoryLeakTracking.swift in Sources */,
				FAA1ECF9279BF12B0018FBFA /* FeedImageDataStoreSpy.swift in Sources */,
				FA0A16D027B5BC04008BFA73 /* ImageCommentsMapperTests.swift in Sources */,
				FA0A16CD27B5B8B5008BFA73 /* FeedItemsMapperTests.swift in Sources */,
				FAA1ECFD279C12E10018FBFA /* CoreDataFeedImageDataStoreTests.swift in Sources */,
				FAB2CD8C2783A41C007E79DF /* XCTestCase+FeedStoreSpecs.swift in Sources */,
			);
			runOnlyForDeploymentPostprocessing = 0;
		};
		FAB2CDA02784F719007E79DF /* Sources */ = {
			isa = PBXSourcesBuildPhase;
			buildActionMask = 2147483647;
			files = (
				FAB2CDB02784FC79007E79DF /* SharedTestHelpers.swift in Sources */,
				FAB2CDA72784F71A007E79DF /* EssentialFeedCacheIntegrationTests.swift in Sources */,
				FAB2CDAE2784FA2B007E79DF /* XCTestCase+MemoryLeakTracking.swift in Sources */,
				FAB2CDAF2784FC52007E79DF /* FeedCacheTestsHelpers.swift in Sources */,
			);
			runOnlyForDeploymentPostprocessing = 0;
		};
		FAB2CE12278860B5007E79DF /* Sources */ = {
			isa = PBXSourcesBuildPhase;
			buildActionMask = 2147483647;
			files = (
				FAC6F97627AD542C00E10697 /* UITableView+HeaderSizing.swift in Sources */,
				FAAC70D3278F8644004E1062 /* ErrorView.swift in Sources */,
				FAAC70D8278F96D5004E1062 /* UIRefreshControl+Helpers.swift in Sources */,
				FACB926B278BE41F0022A0EE /* UITableView+Dequeueing.swift in Sources */,
				FACB91D92789A3220022A0EE /* UIView+Shimmering.swift in Sources */,
				FACB926D278BE5630022A0EE /* UIImageView+Animations.swift in Sources */,
				FACB91D52788CC0A0022A0EE /* FeedViewController.swift in Sources */,
				FACB91D72788D8C90022A0EE /* FeedImageCell.swift in Sources */,
				FACB9252278AEA900022A0EE /* FeedImageCellController.swift in Sources */,
			);
			runOnlyForDeploymentPostprocessing = 0;
		};
		FAB2CE19278860B6007E79DF /* Sources */ = {
			isa = PBXSourcesBuildPhase;
			buildActionMask = 2147483647;
			files = (
				FA4E28782788B72800AC242A /* XCTestCase+MemoryLeakTracking.swift in Sources */,
				FAC6F97127A98A2800E10697 /* FeedSnapshotTests.swift in Sources */,
				FAA17B9A27ADBA2900CE2F52 /* XCTestCase+Snapshot.swift in Sources */,
				FAC6F97827AD7C1400E10697 /* UIViewController+Snapshot.swift in Sources */,
				FAC6F97427AD4A7300E10697 /* UIImage+TestHelpers.swift in Sources */,
			);
			runOnlyForDeploymentPostprocessing = 0;
		};
/* End PBXSourcesBuildPhase section */

/* Begin PBXTargetDependency section */
		FA4E28762788B5C300AC242A /* PBXTargetDependency */ = {
			isa = PBXTargetDependency;
			platformFilter = ios;
			target = FA992D4E276A7AF0000C13AA /* EssentialFeed */;
			targetProxy = FA4E28752788B5C300AC242A /* PBXContainerItemProxy */;
		};
		FA966E9427763C63006F5E39 /* PBXTargetDependency */ = {
			isa = PBXTargetDependency;
			target = FA992D4E276A7AF0000C13AA /* EssentialFeed */;
			targetProxy = FA966E9327763C63006F5E39 /* PBXContainerItemProxy */;
		};
		FA992D5A276A7AF1000C13AA /* PBXTargetDependency */ = {
			isa = PBXTargetDependency;
			target = FA992D4E276A7AF0000C13AA /* EssentialFeed */;
			targetProxy = FA992D59276A7AF1000C13AA /* PBXContainerItemProxy */;
		};
		FAB2CDAA2784F71A007E79DF /* PBXTargetDependency */ = {
			isa = PBXTargetDependency;
			target = FA992D4E276A7AF0000C13AA /* EssentialFeed */;
			targetProxy = FAB2CDA92784F71A007E79DF /* PBXContainerItemProxy */;
		};
		FAB2CE20278860B6007E79DF /* PBXTargetDependency */ = {
			isa = PBXTargetDependency;
			target = FAB2CE15278860B5007E79DF /* EssentialFeediOS */;
			targetProxy = FAB2CE1F278860B6007E79DF /* PBXContainerItemProxy */;
		};
/* End PBXTargetDependency section */

/* Begin PBXVariantGroup section */
		FAAC70DD278F9FCA004E1062 /* Feed.strings */ = {
			isa = PBXVariantGroup;
			children = (
				FAAC70DC278F9FCA004E1062 /* en */,
				FAAC70DE278F9FCE004E1062 /* el */,
				FAAC70DF278F9FCF004E1062 /* pt-BR */,
			);
			name = Feed.strings;
			sourceTree = "<group>";
		};
/* End PBXVariantGroup section */

/* Begin XCBuildConfiguration section */
		FA966E9627763C63006F5E39 /* Debug */ = {
			isa = XCBuildConfiguration;
			buildSettings = {
				CODE_SIGN_STYLE = Automatic;
				CURRENT_PROJECT_VERSION = 1;
				DEVELOPMENT_TEAM = RY7J7JNFL2;
				GENERATE_INFOPLIST_FILE = YES;
				MACOSX_DEPLOYMENT_TARGET = 11.5;
				MARKETING_VERSION = 1.0;
				PRODUCT_BUNDLE_IDENTIFIER = Algorithm.EssentialFeedAPIEndToEndTests;
				PRODUCT_NAME = "$(TARGET_NAME)";
				SUPPORTED_PLATFORMS = "iphoneos iphonesimulator macosx";
				SWIFT_EMIT_LOC_STRINGS = NO;
				SWIFT_VERSION = 5.0;
			};
			name = Debug;
		};
		FA966E9727763C63006F5E39 /* Release */ = {
			isa = XCBuildConfiguration;
			buildSettings = {
				CODE_SIGN_STYLE = Automatic;
				CURRENT_PROJECT_VERSION = 1;
				DEVELOPMENT_TEAM = RY7J7JNFL2;
				GENERATE_INFOPLIST_FILE = YES;
				MACOSX_DEPLOYMENT_TARGET = 11.5;
				MARKETING_VERSION = 1.0;
				PRODUCT_BUNDLE_IDENTIFIER = Algorithm.EssentialFeedAPIEndToEndTests;
				PRODUCT_NAME = "$(TARGET_NAME)";
				SUPPORTED_PLATFORMS = "iphoneos iphonesimulator macosx";
				SWIFT_EMIT_LOC_STRINGS = NO;
				SWIFT_VERSION = 5.0;
			};
			name = Release;
		};
		FA992D5F276A7AF1000C13AA /* Debug */ = {
			isa = XCBuildConfiguration;
			buildSettings = {
				ALWAYS_SEARCH_USER_PATHS = NO;
				CLANG_ANALYZER_LOCALIZABILITY_NONLOCALIZED = YES;
				CLANG_ANALYZER_NONNULL = YES;
				CLANG_ANALYZER_NUMBER_OBJECT_CONVERSION = YES_AGGRESSIVE;
				CLANG_CXX_LANGUAGE_STANDARD = "gnu++17";
				CLANG_CXX_LIBRARY = "libc++";
				CLANG_ENABLE_MODULES = YES;
				CLANG_ENABLE_OBJC_ARC = YES;
				CLANG_ENABLE_OBJC_WEAK = YES;
				CLANG_WARN_BLOCK_CAPTURE_AUTORELEASING = YES;
				CLANG_WARN_BOOL_CONVERSION = YES;
				CLANG_WARN_COMMA = YES;
				CLANG_WARN_CONSTANT_CONVERSION = YES;
				CLANG_WARN_DEPRECATED_OBJC_IMPLEMENTATIONS = YES;
				CLANG_WARN_DIRECT_OBJC_ISA_USAGE = YES_ERROR;
				CLANG_WARN_DOCUMENTATION_COMMENTS = YES;
				CLANG_WARN_EMPTY_BODY = YES;
				CLANG_WARN_ENUM_CONVERSION = YES;
				CLANG_WARN_INFINITE_RECURSION = YES;
				CLANG_WARN_INT_CONVERSION = YES;
				CLANG_WARN_NON_LITERAL_NULL_CONVERSION = YES;
				CLANG_WARN_OBJC_IMPLICIT_RETAIN_SELF = YES;
				CLANG_WARN_OBJC_LITERAL_CONVERSION = YES;
				CLANG_WARN_OBJC_ROOT_CLASS = YES_ERROR;
				CLANG_WARN_QUOTED_INCLUDE_IN_FRAMEWORK_HEADER = YES;
				CLANG_WARN_RANGE_LOOP_ANALYSIS = YES;
				CLANG_WARN_STRICT_PROTOTYPES = YES;
				CLANG_WARN_SUSPICIOUS_MOVE = YES;
				CLANG_WARN_UNGUARDED_AVAILABILITY = YES_AGGRESSIVE;
				CLANG_WARN_UNREACHABLE_CODE = YES;
				CLANG_WARN__DUPLICATE_METHOD_MATCH = YES;
				COPY_PHASE_STRIP = NO;
				CURRENT_PROJECT_VERSION = 1;
				DEBUG_INFORMATION_FORMAT = dwarf;
				ENABLE_STRICT_OBJC_MSGSEND = YES;
				ENABLE_TESTABILITY = YES;
				GCC_C_LANGUAGE_STANDARD = gnu11;
				GCC_DYNAMIC_NO_PIC = NO;
				GCC_NO_COMMON_BLOCKS = YES;
				GCC_OPTIMIZATION_LEVEL = 0;
				GCC_PREPROCESSOR_DEFINITIONS = (
					"DEBUG=1",
					"$(inherited)",
				);
				GCC_WARN_64_TO_32_BIT_CONVERSION = YES;
				GCC_WARN_ABOUT_RETURN_TYPE = YES_ERROR;
				GCC_WARN_UNDECLARED_SELECTOR = YES;
				GCC_WARN_UNINITIALIZED_AUTOS = YES_AGGRESSIVE;
				GCC_WARN_UNUSED_FUNCTION = YES;
				GCC_WARN_UNUSED_VARIABLE = YES;
				MACOSX_DEPLOYMENT_TARGET = 11.5;
				MTL_ENABLE_DEBUG_INFO = INCLUDE_SOURCE;
				MTL_FAST_MATH = YES;
				ONLY_ACTIVE_ARCH = YES;
				SDKROOT = macosx;
				SWIFT_ACTIVE_COMPILATION_CONDITIONS = DEBUG;
				SWIFT_OPTIMIZATION_LEVEL = "-Onone";
				VERSIONING_SYSTEM = "apple-generic";
				VERSION_INFO_PREFIX = "";
			};
			name = Debug;
		};
		FA992D60276A7AF1000C13AA /* Release */ = {
			isa = XCBuildConfiguration;
			buildSettings = {
				ALWAYS_SEARCH_USER_PATHS = NO;
				CLANG_ANALYZER_LOCALIZABILITY_NONLOCALIZED = YES;
				CLANG_ANALYZER_NONNULL = YES;
				CLANG_ANALYZER_NUMBER_OBJECT_CONVERSION = YES_AGGRESSIVE;
				CLANG_CXX_LANGUAGE_STANDARD = "gnu++17";
				CLANG_CXX_LIBRARY = "libc++";
				CLANG_ENABLE_MODULES = YES;
				CLANG_ENABLE_OBJC_ARC = YES;
				CLANG_ENABLE_OBJC_WEAK = YES;
				CLANG_WARN_BLOCK_CAPTURE_AUTORELEASING = YES;
				CLANG_WARN_BOOL_CONVERSION = YES;
				CLANG_WARN_COMMA = YES;
				CLANG_WARN_CONSTANT_CONVERSION = YES;
				CLANG_WARN_DEPRECATED_OBJC_IMPLEMENTATIONS = YES;
				CLANG_WARN_DIRECT_OBJC_ISA_USAGE = YES_ERROR;
				CLANG_WARN_DOCUMENTATION_COMMENTS = YES;
				CLANG_WARN_EMPTY_BODY = YES;
				CLANG_WARN_ENUM_CONVERSION = YES;
				CLANG_WARN_INFINITE_RECURSION = YES;
				CLANG_WARN_INT_CONVERSION = YES;
				CLANG_WARN_NON_LITERAL_NULL_CONVERSION = YES;
				CLANG_WARN_OBJC_IMPLICIT_RETAIN_SELF = YES;
				CLANG_WARN_OBJC_LITERAL_CONVERSION = YES;
				CLANG_WARN_OBJC_ROOT_CLASS = YES_ERROR;
				CLANG_WARN_QUOTED_INCLUDE_IN_FRAMEWORK_HEADER = YES;
				CLANG_WARN_RANGE_LOOP_ANALYSIS = YES;
				CLANG_WARN_STRICT_PROTOTYPES = YES;
				CLANG_WARN_SUSPICIOUS_MOVE = YES;
				CLANG_WARN_UNGUARDED_AVAILABILITY = YES_AGGRESSIVE;
				CLANG_WARN_UNREACHABLE_CODE = YES;
				CLANG_WARN__DUPLICATE_METHOD_MATCH = YES;
				COPY_PHASE_STRIP = NO;
				CURRENT_PROJECT_VERSION = 1;
				DEBUG_INFORMATION_FORMAT = "dwarf-with-dsym";
				ENABLE_NS_ASSERTIONS = NO;
				ENABLE_STRICT_OBJC_MSGSEND = YES;
				GCC_C_LANGUAGE_STANDARD = gnu11;
				GCC_NO_COMMON_BLOCKS = YES;
				GCC_WARN_64_TO_32_BIT_CONVERSION = YES;
				GCC_WARN_ABOUT_RETURN_TYPE = YES_ERROR;
				GCC_WARN_UNDECLARED_SELECTOR = YES;
				GCC_WARN_UNINITIALIZED_AUTOS = YES_AGGRESSIVE;
				GCC_WARN_UNUSED_FUNCTION = YES;
				GCC_WARN_UNUSED_VARIABLE = YES;
				MACOSX_DEPLOYMENT_TARGET = 11.5;
				MTL_ENABLE_DEBUG_INFO = NO;
				MTL_FAST_MATH = YES;
				SDKROOT = macosx;
				SWIFT_COMPILATION_MODE = wholemodule;
				SWIFT_OPTIMIZATION_LEVEL = "-O";
				VERSIONING_SYSTEM = "apple-generic";
				VERSION_INFO_PREFIX = "";
			};
			name = Release;
		};
		FA992D62276A7AF1000C13AA /* Debug */ = {
			isa = XCBuildConfiguration;
			buildSettings = {
				CLANG_ENABLE_MODULES = YES;
				CODE_SIGN_IDENTITY = "Apple Development";
				CODE_SIGN_STYLE = Automatic;
				COMBINE_HIDPI_IMAGES = YES;
				CURRENT_PROJECT_VERSION = 1;
				DEFINES_MODULE = YES;
				DEVELOPMENT_TEAM = RY7J7JNFL2;
				DYLIB_COMPATIBILITY_VERSION = 1;
				DYLIB_CURRENT_VERSION = 1;
				DYLIB_INSTALL_NAME_BASE = "@rpath";
				GENERATE_INFOPLIST_FILE = YES;
				INFOPLIST_KEY_NSHumanReadableCopyright = "";
				INSTALL_PATH = "$(LOCAL_LIBRARY_DIR)/Frameworks";
				IPHONEOS_DEPLOYMENT_TARGET = 14.4;
				LD_RUNPATH_SEARCH_PATHS = (
					"$(inherited)",
					"@executable_path/../Frameworks",
					"@loader_path/Frameworks",
				);
				MACOSX_DEPLOYMENT_TARGET = 11.5;
				MARKETING_VERSION = 1.0;
				PRODUCT_BUNDLE_IDENTIFIER = Algorithm.EssentialFeed;
				PRODUCT_NAME = "$(TARGET_NAME:c99extidentifier)";
				PROVISIONING_PROFILE_SPECIFIER = "";
				SKIP_INSTALL = YES;
				SUPPORTED_PLATFORMS = "iphoneos iphonesimulator macosx";
				SWIFT_EMIT_LOC_STRINGS = YES;
				SWIFT_OPTIMIZATION_LEVEL = "-Onone";
				SWIFT_VERSION = 5.0;
			};
			name = Debug;
		};
		FA992D63276A7AF1000C13AA /* Release */ = {
			isa = XCBuildConfiguration;
			buildSettings = {
				CLANG_ENABLE_MODULES = YES;
				CODE_SIGN_IDENTITY = "Apple Development";
				CODE_SIGN_STYLE = Automatic;
				COMBINE_HIDPI_IMAGES = YES;
				CURRENT_PROJECT_VERSION = 1;
				DEFINES_MODULE = YES;
				DEVELOPMENT_TEAM = RY7J7JNFL2;
				DYLIB_COMPATIBILITY_VERSION = 1;
				DYLIB_CURRENT_VERSION = 1;
				DYLIB_INSTALL_NAME_BASE = "@rpath";
				GENERATE_INFOPLIST_FILE = YES;
				INFOPLIST_KEY_NSHumanReadableCopyright = "";
				INSTALL_PATH = "$(LOCAL_LIBRARY_DIR)/Frameworks";
				IPHONEOS_DEPLOYMENT_TARGET = 14.4;
				LD_RUNPATH_SEARCH_PATHS = (
					"$(inherited)",
					"@executable_path/../Frameworks",
					"@loader_path/Frameworks",
				);
				MACOSX_DEPLOYMENT_TARGET = 11.5;
				MARKETING_VERSION = 1.0;
				PRODUCT_BUNDLE_IDENTIFIER = Algorithm.EssentialFeed;
				PRODUCT_NAME = "$(TARGET_NAME:c99extidentifier)";
				PROVISIONING_PROFILE_SPECIFIER = "";
				SKIP_INSTALL = YES;
				SUPPORTED_PLATFORMS = "iphoneos iphonesimulator macosx";
				SWIFT_EMIT_LOC_STRINGS = YES;
				SWIFT_VERSION = 5.0;
			};
			name = Release;
		};
		FA992D65276A7AF1000C13AA /* Debug */ = {
			isa = XCBuildConfiguration;
			buildSettings = {
				ALWAYS_EMBED_SWIFT_STANDARD_LIBRARIES = YES;
				CODE_SIGN_STYLE = Automatic;
				COMBINE_HIDPI_IMAGES = YES;
				CURRENT_PROJECT_VERSION = 1;
				DEVELOPMENT_TEAM = RY7J7JNFL2;
				GENERATE_INFOPLIST_FILE = YES;
				LD_RUNPATH_SEARCH_PATHS = (
					"$(inherited)",
					"@executable_path/../Frameworks",
					"@loader_path/../Frameworks",
				);
				MACOSX_DEPLOYMENT_TARGET = 11.5;
				MARKETING_VERSION = 1.0;
				PRODUCT_BUNDLE_IDENTIFIER = Algorithm.EssentialFeedTests;
				PRODUCT_NAME = "$(TARGET_NAME)";
				SUPPORTED_PLATFORMS = "iphoneos iphonesimulator macosx";
				SWIFT_EMIT_LOC_STRINGS = NO;
				SWIFT_VERSION = 5.0;
			};
			name = Debug;
		};
		FA992D66276A7AF1000C13AA /* Release */ = {
			isa = XCBuildConfiguration;
			buildSettings = {
				ALWAYS_EMBED_SWIFT_STANDARD_LIBRARIES = YES;
				CODE_SIGN_STYLE = Automatic;
				COMBINE_HIDPI_IMAGES = YES;
				CURRENT_PROJECT_VERSION = 1;
				DEVELOPMENT_TEAM = RY7J7JNFL2;
				GENERATE_INFOPLIST_FILE = YES;
				LD_RUNPATH_SEARCH_PATHS = (
					"$(inherited)",
					"@executable_path/../Frameworks",
					"@loader_path/../Frameworks",
				);
				MACOSX_DEPLOYMENT_TARGET = 11.5;
				MARKETING_VERSION = 1.0;
				PRODUCT_BUNDLE_IDENTIFIER = Algorithm.EssentialFeedTests;
				PRODUCT_NAME = "$(TARGET_NAME)";
				SUPPORTED_PLATFORMS = "iphoneos iphonesimulator macosx";
				SWIFT_EMIT_LOC_STRINGS = NO;
				SWIFT_VERSION = 5.0;
			};
			name = Release;
		};
		FAB2CDAC2784F71A007E79DF /* Debug */ = {
			isa = XCBuildConfiguration;
			buildSettings = {
				CODE_SIGN_STYLE = Automatic;
				CURRENT_PROJECT_VERSION = 1;
				DEVELOPMENT_TEAM = RY7J7JNFL2;
				GENERATE_INFOPLIST_FILE = YES;
				MACOSX_DEPLOYMENT_TARGET = 12.1;
				MARKETING_VERSION = 1.0;
				PRODUCT_BUNDLE_IDENTIFIER = Algorithm.EssentialFeedCacheIntegrationTests;
				PRODUCT_NAME = "$(TARGET_NAME)";
				SUPPORTED_PLATFORMS = "iphoneos iphonesimulator macosx";
				SWIFT_EMIT_LOC_STRINGS = NO;
				SWIFT_VERSION = 5.0;
			};
			name = Debug;
		};
		FAB2CDAD2784F71A007E79DF /* Release */ = {
			isa = XCBuildConfiguration;
			buildSettings = {
				CODE_SIGN_STYLE = Automatic;
				CURRENT_PROJECT_VERSION = 1;
				DEVELOPMENT_TEAM = RY7J7JNFL2;
				GENERATE_INFOPLIST_FILE = YES;
				MACOSX_DEPLOYMENT_TARGET = 12.1;
				MARKETING_VERSION = 1.0;
				PRODUCT_BUNDLE_IDENTIFIER = Algorithm.EssentialFeedCacheIntegrationTests;
				PRODUCT_NAME = "$(TARGET_NAME)";
				SUPPORTED_PLATFORMS = "iphoneos iphonesimulator macosx";
				SWIFT_EMIT_LOC_STRINGS = NO;
				SWIFT_VERSION = 5.0;
			};
			name = Release;
		};
		FAB2CE26278860B6007E79DF /* Debug */ = {
			isa = XCBuildConfiguration;
			buildSettings = {
				CLANG_ENABLE_MODULES = YES;
				CODE_SIGN_STYLE = Automatic;
				CURRENT_PROJECT_VERSION = 1;
				DEFINES_MODULE = YES;
				DEVELOPMENT_TEAM = RY7J7JNFL2;
				DYLIB_COMPATIBILITY_VERSION = 1;
				DYLIB_CURRENT_VERSION = 1;
				DYLIB_INSTALL_NAME_BASE = "@rpath";
				GENERATE_INFOPLIST_FILE = YES;
				INFOPLIST_KEY_NSHumanReadableCopyright = "";
				INSTALL_PATH = "$(LOCAL_LIBRARY_DIR)/Frameworks";
				IPHONEOS_DEPLOYMENT_TARGET = 14.4;
				LD_RUNPATH_SEARCH_PATHS = (
					"$(inherited)",
					"@executable_path/Frameworks",
					"@loader_path/Frameworks",
				);
				MARKETING_VERSION = 1.0;
				PRODUCT_BUNDLE_IDENTIFIER = Algorithm.EssentialFeediOS;
				PRODUCT_NAME = "$(TARGET_NAME:c99extidentifier)";
				SDKROOT = iphoneos;
				SKIP_INSTALL = YES;
				SWIFT_EMIT_LOC_STRINGS = YES;
				SWIFT_OPTIMIZATION_LEVEL = "-Onone";
				SWIFT_VERSION = 5.0;
				TARGETED_DEVICE_FAMILY = "1,2";
			};
			name = Debug;
		};
		FAB2CE27278860B6007E79DF /* Release */ = {
			isa = XCBuildConfiguration;
			buildSettings = {
				CLANG_ENABLE_MODULES = YES;
				CODE_SIGN_STYLE = Automatic;
				CURRENT_PROJECT_VERSION = 1;
				DEFINES_MODULE = YES;
				DEVELOPMENT_TEAM = RY7J7JNFL2;
				DYLIB_COMPATIBILITY_VERSION = 1;
				DYLIB_CURRENT_VERSION = 1;
				DYLIB_INSTALL_NAME_BASE = "@rpath";
				GENERATE_INFOPLIST_FILE = YES;
				INFOPLIST_KEY_NSHumanReadableCopyright = "";
				INSTALL_PATH = "$(LOCAL_LIBRARY_DIR)/Frameworks";
				IPHONEOS_DEPLOYMENT_TARGET = 14.4;
				LD_RUNPATH_SEARCH_PATHS = (
					"$(inherited)",
					"@executable_path/Frameworks",
					"@loader_path/Frameworks",
				);
				MARKETING_VERSION = 1.0;
				PRODUCT_BUNDLE_IDENTIFIER = Algorithm.EssentialFeediOS;
				PRODUCT_NAME = "$(TARGET_NAME:c99extidentifier)";
				SDKROOT = iphoneos;
				SKIP_INSTALL = YES;
				SWIFT_EMIT_LOC_STRINGS = YES;
				SWIFT_VERSION = 5.0;
				TARGETED_DEVICE_FAMILY = "1,2";
				VALIDATE_PRODUCT = YES;
			};
			name = Release;
		};
		FAB2CE29278860B6007E79DF /* Debug */ = {
			isa = XCBuildConfiguration;
			buildSettings = {
				ALWAYS_EMBED_SWIFT_STANDARD_LIBRARIES = YES;
				CODE_SIGN_STYLE = Automatic;
				CURRENT_PROJECT_VERSION = 1;
				DEVELOPMENT_TEAM = RY7J7JNFL2;
				GENERATE_INFOPLIST_FILE = YES;
				IPHONEOS_DEPLOYMENT_TARGET = 14.4;
				MARKETING_VERSION = 1.0;
				PRODUCT_BUNDLE_IDENTIFIER = Algorithm.EssentialFeediOSTests;
				PRODUCT_NAME = "$(TARGET_NAME)";
				SDKROOT = iphoneos;
				SWIFT_EMIT_LOC_STRINGS = NO;
				SWIFT_INSTALL_OBJC_HEADER = NO;
				SWIFT_VERSION = 5.0;
				TARGETED_DEVICE_FAMILY = "1,2";
			};
			name = Debug;
		};
		FAB2CE2A278860B6007E79DF /* Release */ = {
			isa = XCBuildConfiguration;
			buildSettings = {
				ALWAYS_EMBED_SWIFT_STANDARD_LIBRARIES = YES;
				CODE_SIGN_STYLE = Automatic;
				CURRENT_PROJECT_VERSION = 1;
				DEVELOPMENT_TEAM = RY7J7JNFL2;
				GENERATE_INFOPLIST_FILE = YES;
				IPHONEOS_DEPLOYMENT_TARGET = 14.4;
				MARKETING_VERSION = 1.0;
				PRODUCT_BUNDLE_IDENTIFIER = Algorithm.EssentialFeediOSTests;
				PRODUCT_NAME = "$(TARGET_NAME)";
				SDKROOT = iphoneos;
				SWIFT_EMIT_LOC_STRINGS = NO;
				SWIFT_INSTALL_OBJC_HEADER = NO;
				SWIFT_VERSION = 5.0;
				TARGETED_DEVICE_FAMILY = "1,2";
				VALIDATE_PRODUCT = YES;
			};
			name = Release;
		};
/* End XCBuildConfiguration section */

/* Begin XCConfigurationList section */
		FA966E9527763C63006F5E39 /* Build configuration list for PBXNativeTarget "EssentialFeedAPIEndToEndTests" */ = {
			isa = XCConfigurationList;
			buildConfigurations = (
				FA966E9627763C63006F5E39 /* Debug */,
				FA966E9727763C63006F5E39 /* Release */,
			);
			defaultConfigurationIsVisible = 0;
			defaultConfigurationName = Release;
		};
		FA992D49276A7AF0000C13AA /* Build configuration list for PBXProject "EssentialFeed" */ = {
			isa = XCConfigurationList;
			buildConfigurations = (
				FA992D5F276A7AF1000C13AA /* Debug */,
				FA992D60276A7AF1000C13AA /* Release */,
			);
			defaultConfigurationIsVisible = 0;
			defaultConfigurationName = Release;
		};
		FA992D61276A7AF1000C13AA /* Build configuration list for PBXNativeTarget "EssentialFeed" */ = {
			isa = XCConfigurationList;
			buildConfigurations = (
				FA992D62276A7AF1000C13AA /* Debug */,
				FA992D63276A7AF1000C13AA /* Release */,
			);
			defaultConfigurationIsVisible = 0;
			defaultConfigurationName = Release;
		};
		FA992D64276A7AF1000C13AA /* Build configuration list for PBXNativeTarget "EssentialFeedTests" */ = {
			isa = XCConfigurationList;
			buildConfigurations = (
				FA992D65276A7AF1000C13AA /* Debug */,
				FA992D66276A7AF1000C13AA /* Release */,
			);
			defaultConfigurationIsVisible = 0;
			defaultConfigurationName = Release;
		};
		FAB2CDAB2784F71A007E79DF /* Build configuration list for PBXNativeTarget "EssentialFeedCacheIntegrationTests" */ = {
			isa = XCConfigurationList;
			buildConfigurations = (
				FAB2CDAC2784F71A007E79DF /* Debug */,
				FAB2CDAD2784F71A007E79DF /* Release */,
			);
			defaultConfigurationIsVisible = 0;
			defaultConfigurationName = Release;
		};
		FAB2CE25278860B6007E79DF /* Build configuration list for PBXNativeTarget "EssentialFeediOS" */ = {
			isa = XCConfigurationList;
			buildConfigurations = (
				FAB2CE26278860B6007E79DF /* Debug */,
				FAB2CE27278860B6007E79DF /* Release */,
			);
			defaultConfigurationIsVisible = 0;
			defaultConfigurationName = Release;
		};
		FAB2CE28278860B6007E79DF /* Build configuration list for PBXNativeTarget "EssentialFeediOSTests" */ = {
			isa = XCConfigurationList;
			buildConfigurations = (
				FAB2CE29278860B6007E79DF /* Debug */,
				FAB2CE2A278860B6007E79DF /* Release */,
			);
			defaultConfigurationIsVisible = 0;
			defaultConfigurationName = Release;
		};
/* End XCConfigurationList section */

/* Begin XCVersionGroup section */
		FAB2CD932783B386007E79DF /* FeedStore.xcdatamodeld */ = {
			isa = XCVersionGroup;
			children = (
				FAA1ECFE279C19680018FBFA /* FeedStore 2.xcdatamodel */,
				FAB2CD942783B386007E79DF /* FeedStore.xcdatamodel */,
			);
			currentVersion = FAA1ECFE279C19680018FBFA /* FeedStore 2.xcdatamodel */;
			path = FeedStore.xcdatamodeld;
			sourceTree = "<group>";
			versionGroupType = wrapper.xcdatamodel;
		};
/* End XCVersionGroup section */
	};
	rootObject = FA992D46276A7AF0000C13AA /* Project object */;
}
